
Microsoft Visual Studio Solution File, Format Version 12.00
# Visual Studio Version 18
VisualStudioVersion = 18.0.11205.157
MinimumVisualStudioVersion = 10.0.40219.1
Project("{2150E333-8FDC-42A3-9474-1A3956D46DE8}") = "src", "src", "{A4895304-B54C-450F-A664-424E86806C3E}"
EndProject
Project("{2150E333-8FDC-42A3-9474-1A3956D46DE8}") = "Channel", "Channel", "{38ECE101-14D2-43C6-9752-8C4A1F9119A4}"
EndProject
Project("{FAE04EC0-301F-11D3-BF4B-00C04F79EFBC}") = "Hyper.Channel.Api", "src\Channel\Hyper.Channel.Api\Hyper.Channel.Api.csproj", "{57AD49B6-16F5-41A0-A10E-443CB42F9536}"
EndProject
Project("{FAE04EC0-301F-11D3-BF4B-00C04F79EFBC}") = "Hyper.Channel.Application", "src\Channel\Hyper.Channel.Application\Hyper.Channel.Application.csproj", "{55FBDC21-762B-4DA5-B866-A9B26A682B39}"
EndProject
Project("{FAE04EC0-301F-11D3-BF4B-00C04F79EFBC}") = "Hyper.Channel.Contracts", "src\Channel\Hyper.Channel.Contracts\Hyper.Channel.Contracts.csproj", "{F350CDA9-11DC-4AD6-A57A-1FCF0C67FE3B}"
EndProject
Project("{2150E333-8FDC-42A3-9474-1A3956D46DE8}") = "CustomerPortal", "CustomerPortal", "{0EA69280-79E5-424A-A24B-224B3AF56DAF}"
EndProject
Project("{2150E333-8FDC-42A3-9474-1A3956D46DE8}") = "1-Core", "1-Core", "{74208F59-5EB3-4D04-810B-2BC54D04780C}"
EndProject
Project("{FAE04EC0-301F-11D3-BF4B-00C04F79EFBC}") = "Hyper.CustomerPortal.Api", "src\CustomerPortal\Hyper.CustomerPortal.Api\Hyper.CustomerPortal.Api.csproj", "{1ADA3EC9-D814-4D3A-9728-F1C4DB232F38}"
EndProject
Project("{FAE04EC0-301F-11D3-BF4B-00C04F79EFBC}") = "Hyper.CustomerPortal.Application", "src\CustomerPortal\Hyper.CustomerPortal.Application\Hyper.CustomerPortal.Application.csproj", "{6FA4D2BF-DDBD-4969-B413-516C28103CC6}"
EndProject
Project("{2150E333-8FDC-42A3-9474-1A3956D46DE8}") = "EventHandler", "EventHandler", "{2CAFC6F1-3980-43F6-AD2C-A47ADD70F20C}"
EndProject
Project("{FAE04EC0-301F-11D3-BF4B-00C04F79EFBC}") = "Hyper.EventHandler.Api", "src\EventHandler\Hyper.EventHandler.Api\Hyper.EventHandler.Api.csproj", "{2AFA8B30-8D99-43E0-899B-B5C0C2CCDAF1}"
EndProject
Project("{FAE04EC0-301F-11D3-BF4B-00C04F79EFBC}") = "Hyper.EventHandler.Application", "src\EventHandler\Hyper.EventHandler.Application\Hyper.EventHandler.Application.csproj", "{B69DDE8B-9B1C-4C92-B18A-C6E6851AFE07}"
EndProject
Project("{2150E333-8FDC-42A3-9474-1A3956D46DE8}") = "PromotionJobWorker", "PromotionJobWorker", "{31658EFB-358E-44D6-9558-873734C6F107}"
EndProject
Project("{FAE04EC0-301F-11D3-BF4B-00C04F79EFBC}") = "Hyper.PromotionJobWorker.Api", "src\PromotionJobWorker\Hyper.PromotionJobWorker.Api\Hyper.PromotionJobWorker.Api.csproj", "{27E14624-4D8D-460D-818F-D74B4FFAE051}"
EndProject
Project("{FAE04EC0-301F-11D3-BF4B-00C04F79EFBC}") = "Hyper.PromotionJobWorker.Application", "src\PromotionJobWorker\Hyper.PromotionJobWorker.Application\Hyper.PromotionJobWorker.Application.csproj", "{B5CB5217-5A0A-48C5-9BAA-2DE96EFD089C}"
EndProject
Project("{2150E333-8FDC-42A3-9474-1A3956D46DE8}") = "Neo", "Neo", "{2C48825B-BFB0-42D4-89AB-2C084B4B5008}"
EndProject
Project("{FAE04EC0-301F-11D3-BF4B-00C04F79EFBC}") = "Neo.Common", "..\..\Neo\src\Neo.Common\Neo.Common.csproj", "{11872E0D-E647-4282-9B5C-E50E85E89019}"
EndProject
Project("{FAE04EC0-301F-11D3-BF4B-00C04F79EFBC}") = "Neo.Domain", "..\..\Neo\src\Neo.Domain\Neo.Domain.csproj", "{BB9AC0F5-CC02-4A80-A865-E64F2C69E749}"
EndProject
Project("{FAE04EC0-301F-11D3-BF4B-00C04F79EFBC}") = "Neo.Application", "..\..\Neo\src\Neo.Application\Neo.Application.csproj", "{4EC34128-F8E9-4E9E-BB95-67B7DC5AE8C0}"
EndProject
Project("{FAE04EC0-301F-11D3-BF4B-00C04F79EFBC}") = "Neo.Infrastructure", "..\..\Neo\src\Neo.Infrastructure\Neo.Infrastructure.csproj", "{D7E60AB4-81D6-425A-A4B2-52269F7FB463}"
EndProject
Project("{FAE04EC0-301F-11D3-BF4B-00C04F79EFBC}") = "Neo.Endpoint", "..\..\Neo\src\Neo.Endpoint\Neo.Endpoint.csproj", "{1A6B66D6-A340-480A-BCC3-884EB057EA12}"
EndProject
Project("{FAE04EC0-301F-11D3-BF4B-00C04F79EFBC}") = "Neo.Infrastructure.Hangfire", "..\..\Neo\src\Neo.Infrastructure.Hangfire\Neo.Infrastructure.Hangfire.csproj", "{85E20216-858B-4E89-913C-FB08201A18F6}"
EndProject
Project("{FAE04EC0-301F-11D3-BF4B-00C04F79EFBC}") = "Neo.Common.Tests", "..\..\Neo\tests\Neo.Common.Tests\Neo.Common.Tests.csproj", "{E1101DA4-C8F8-479B-B284-1C3F805F4B67}"
EndProject
Project("{FAE04EC0-301F-11D3-BF4B-00C04F79EFBC}") = "Neo.Domain.Tests", "..\..\Neo\tests\Neo.Domain.Tests\Neo.Domain.Tests.csproj", "{B090A5AF-8F09-41CE-935C-1236D251F211}"
EndProject
Project("{FAE04EC0-301F-11D3-BF4B-00C04F79EFBC}") = "Neo.Application.Tests", "..\..\Neo\tests\Neo.Application.Tests\Neo.Application.Tests.csproj", "{CD170119-645C-4ACA-AB26-CCA8A21D12B5}"
EndProject
Project("{FAE04EC0-301F-11D3-BF4B-00C04F79EFBC}") = "Neo.Infrastructure.IntegrationTests", "..\..\Neo\tests\Neo.Infrastructure.IntegrationTests\Neo.Infrastructure.IntegrationTests.csproj", "{84FC33A3-9797-447E-8BB9-03FF61ED5175}"
EndProject
Project("{FAE04EC0-301F-11D3-BF4B-00C04F79EFBC}") = "Neo.Endpoint.IntegrationTests", "..\..\Neo\tests\Neo.Endpoint.IntegrationTests\Neo.Endpoint.IntegrationTests.csproj", "{B2FA44D2-2DFE-4356-B4FE-7F5D7A9F8341}"
EndProject
Project("{2150E333-8FDC-42A3-9474-1A3956D46DE8}") = "tests", "tests", "{8844D797-648C-4FEC-8FE1-7E6EAB1DFCFF}"
EndProject
Project("{2150E333-8FDC-42A3-9474-1A3956D46DE8}") = "tests", "tests", "{3E29469D-BD77-457B-AD00-DA1BAC1440DB}"
EndProject
Project("{FAE04EC0-301F-11D3-BF4B-00C04F79EFBC}") = "Hyper.Domain.Tests", "tests\Hyper.Domain.Tests\Hyper.Domain.Tests.csproj", "{6A6377DE-1B47-46E2-9F1A-CE63DA7A8FFA}"
EndProject
Project("{FAE04EC0-301F-11D3-BF4B-00C04F79EFBC}") = "Hyper.Application.Tests", "tests\Hyper.Application.Tests\Hyper.Application.Tests.csproj", "{4ED163AB-7DB5-4E7A-B9E2-ECB4E87B6A96}"
EndProject
Project("{FAE04EC0-301F-11D3-BF4B-00C04F79EFBC}") = "Hyper.Infrastructure.Tests", "tests\Hyper.Infrastructure.Tests\Hyper.Infrastructure.Tests.csproj", "{2EC73B76-2525-4543-BB10-3CBD1A4B8033}"
EndProject
Project("{FAE04EC0-301F-11D3-BF4B-00C04F79EFBC}") = "Hyper.IntegrationTests", "tests\Hyper.IntegrationTests\Hyper.IntegrationTests.csproj", "{88332954-BC60-4653-B8BE-BC18D39DDE7A}"
EndProject
Project("{FAE04EC0-301F-11D3-BF4B-00C04F79EFBC}") = "Hyper.AdminPanel.Domain.Tests", "tests\Hyper.AdminPanel.Domain.Tests\Hyper.AdminPanel.Domain.Tests.csproj", "{CCCA21D1-13B4-426B-A16A-D997B7159462}"
EndProject
Project("{FAE04EC0-301F-11D3-BF4B-00C04F79EFBC}") = "Hyper.Domain", "src\Core\Hyper.Domain\Hyper.Domain.csproj", "{98177BEC-FC79-3C1B-409D-50D21355EBF2}"
EndProject
Project("{FAE04EC0-301F-11D3-BF4B-00C04F79EFBC}") = "Hyper.Application", "src\Core\Hyper.Application\Hyper.Application.csproj", "{023C39C6-C79D-23D3-D81A-B87AD671CCEE}"
EndProject
Project("{FAE04EC0-301F-11D3-BF4B-00C04F79EFBC}") = "Hyper.Infrastructure", "src\Core\Hyper.Infrastructure\Hyper.Infrastructure.csproj", "{6681453C-68C0-5CAB-892A-DCA0BA0CB218}"
EndProject
Project("{2150E333-8FDC-42A3-9474-1A3956D46DE8}") = "CallCenter", "CallCenter", "{65045535-E58F-4E19-AE42-06691451CFFF}"
EndProject
Project("{FAE04EC0-301F-11D3-BF4B-00C04F79EFBC}") = "Hyper.CallCenter.Api", "src\CallCenter\Hyper.CallCenter.Api\Hyper.CallCenter.Api.csproj", "{EB4F7117-8724-43DB-9118-21D4035A1104}"
EndProject
Global
	GlobalSection(SolutionConfigurationPlatforms) = preSolution
		Debug|Any CPU = Debug|Any CPU
		Release|Any CPU = Release|Any CPU
	EndGlobalSection
	GlobalSection(ProjectConfigurationPlatforms) = postSolution
		{57AD49B6-16F5-41A0-A10E-443CB42F9536}.Debug|Any CPU.ActiveCfg = Debug|Any CPU
		{57AD49B6-16F5-41A0-A10E-443CB42F9536}.Debug|Any CPU.Build.0 = Debug|Any CPU
		{57AD49B6-16F5-41A0-A10E-443CB42F9536}.Release|Any CPU.ActiveCfg = Release|Any CPU
		{57AD49B6-16F5-41A0-A10E-443CB42F9536}.Release|Any CPU.Build.0 = Release|Any CPU
		{55FBDC21-762B-4DA5-B866-A9B26A682B39}.Debug|Any CPU.ActiveCfg = Debug|Any CPU
		{55FBDC21-762B-4DA5-B866-A9B26A682B39}.Debug|Any CPU.Build.0 = Debug|Any CPU
		{55FBDC21-762B-4DA5-B866-A9B26A682B39}.Release|Any CPU.ActiveCfg = Release|Any CPU
		{55FBDC21-762B-4DA5-B866-A9B26A682B39}.Release|Any CPU.Build.0 = Release|Any CPU
		{F350CDA9-11DC-4AD6-A57A-1FCF0C67FE3B}.Debug|Any CPU.ActiveCfg = Debug|Any CPU
		{F350CDA9-11DC-4AD6-A57A-1FCF0C67FE3B}.Debug|Any CPU.Build.0 = Debug|Any CPU
		{F350CDA9-11DC-4AD6-A57A-1FCF0C67FE3B}.Release|Any CPU.ActiveCfg = Release|Any CPU
		{F350CDA9-11DC-4AD6-A57A-1FCF0C67FE3B}.Release|Any CPU.Build.0 = Release|Any CPU
		{1ADA3EC9-D814-4D3A-9728-F1C4DB232F38}.Debug|Any CPU.ActiveCfg = Debug|Any CPU
		{1ADA3EC9-D814-4D3A-9728-F1C4DB232F38}.Debug|Any CPU.Build.0 = Debug|Any CPU
		{1ADA3EC9-D814-4D3A-9728-F1C4DB232F38}.Release|Any CPU.ActiveCfg = Release|Any CPU
		{1ADA3EC9-D814-4D3A-9728-F1C4DB232F38}.Release|Any CPU.Build.0 = Release|Any CPU
		{6FA4D2BF-DDBD-4969-B413-516C28103CC6}.Debug|Any CPU.ActiveCfg = Debug|Any CPU
		{6FA4D2BF-DDBD-4969-B413-516C28103CC6}.Debug|Any CPU.Build.0 = Debug|Any CPU
		{6FA4D2BF-DDBD-4969-B413-516C28103CC6}.Release|Any CPU.ActiveCfg = Release|Any CPU
		{6FA4D2BF-DDBD-4969-B413-516C28103CC6}.Release|Any CPU.Build.0 = Release|Any CPU
		{2AFA8B30-8D99-43E0-899B-B5C0C2CCDAF1}.Debug|Any CPU.ActiveCfg = Debug|Any CPU
		{2AFA8B30-8D99-43E0-899B-B5C0C2CCDAF1}.Debug|Any CPU.Build.0 = Debug|Any CPU
		{2AFA8B30-8D99-43E0-899B-B5C0C2CCDAF1}.Release|Any CPU.ActiveCfg = Release|Any CPU
		{2AFA8B30-8D99-43E0-899B-B5C0C2CCDAF1}.Release|Any CPU.Build.0 = Release|Any CPU
		{B69DDE8B-9B1C-4C92-B18A-C6E6851AFE07}.Debug|Any CPU.ActiveCfg = Debug|Any CPU
		{B69DDE8B-9B1C-4C92-B18A-C6E6851AFE07}.Debug|Any CPU.Build.0 = Debug|Any CPU
		{B69DDE8B-9B1C-4C92-B18A-C6E6851AFE07}.Release|Any CPU.ActiveCfg = Release|Any CPU
		{B69DDE8B-9B1C-4C92-B18A-C6E6851AFE07}.Release|Any CPU.Build.0 = Release|Any CPU
		{27E14624-4D8D-460D-818F-D74B4FFAE051}.Debug|Any CPU.ActiveCfg = Debug|Any CPU
		{27E14624-4D8D-460D-818F-D74B4FFAE051}.Debug|Any CPU.Build.0 = Debug|Any CPU
		{27E14624-4D8D-460D-818F-D74B4FFAE051}.Release|Any CPU.ActiveCfg = Release|Any CPU
		{27E14624-4D8D-460D-818F-D74B4FFAE051}.Release|Any CPU.Build.0 = Release|Any CPU
		{B5CB5217-5A0A-48C5-9BAA-2DE96EFD089C}.Debug|Any CPU.ActiveCfg = Debug|Any CPU
		{B5CB5217-5A0A-48C5-9BAA-2DE96EFD089C}.Debug|Any CPU.Build.0 = Debug|Any CPU
		{B5CB5217-5A0A-48C5-9BAA-2DE96EFD089C}.Release|Any CPU.ActiveCfg = Release|Any CPU
		{B5CB5217-5A0A-48C5-9BAA-2DE96EFD089C}.Release|Any CPU.Build.0 = Release|Any CPU
		{11872E0D-E647-4282-9B5C-E50E85E89019}.Debug|Any CPU.ActiveCfg = Debug|Any CPU
		{11872E0D-E647-4282-9B5C-E50E85E89019}.Debug|Any CPU.Build.0 = Debug|Any CPU
		{11872E0D-E647-4282-9B5C-E50E85E89019}.Release|Any CPU.ActiveCfg = Release|Any CPU
		{11872E0D-E647-4282-9B5C-E50E85E89019}.Release|Any CPU.Build.0 = Release|Any CPU
		{BB9AC0F5-CC02-4A80-A865-E64F2C69E749}.Debug|Any CPU.ActiveCfg = Debug|Any CPU
		{BB9AC0F5-CC02-4A80-A865-E64F2C69E749}.Debug|Any CPU.Build.0 = Debug|Any CPU
		{BB9AC0F5-CC02-4A80-A865-E64F2C69E749}.Release|Any CPU.ActiveCfg = Release|Any CPU
		{BB9AC0F5-CC02-4A80-A865-E64F2C69E749}.Release|Any CPU.Build.0 = Release|Any CPU
		{4EC34128-F8E9-4E9E-BB95-67B7DC5AE8C0}.Debug|Any CPU.ActiveCfg = Debug|Any CPU
		{4EC34128-F8E9-4E9E-BB95-67B7DC5AE8C0}.Debug|Any CPU.Build.0 = Debug|Any CPU
		{4EC34128-F8E9-4E9E-BB95-67B7DC5AE8C0}.Release|Any CPU.ActiveCfg = Release|Any CPU
		{4EC34128-F8E9-4E9E-BB95-67B7DC5AE8C0}.Release|Any CPU.Build.0 = Release|Any CPU
		{D7E60AB4-81D6-425A-A4B2-52269F7FB463}.Debug|Any CPU.ActiveCfg = Debug|Any CPU
		{D7E60AB4-81D6-425A-A4B2-52269F7FB463}.Debug|Any CPU.Build.0 = Debug|Any CPU
		{D7E60AB4-81D6-425A-A4B2-52269F7FB463}.Release|Any CPU.ActiveCfg = Release|Any CPU
		{D7E60AB4-81D6-425A-A4B2-52269F7FB463}.Release|Any CPU.Build.0 = Release|Any CPU
		{1A6B66D6-A340-480A-BCC3-884EB057EA12}.Debug|Any CPU.ActiveCfg = Debug|Any CPU
		{1A6B66D6-A340-480A-BCC3-884EB057EA12}.Debug|Any CPU.Build.0 = Debug|Any CPU
		{1A6B66D6-A340-480A-BCC3-884EB057EA12}.Release|Any CPU.ActiveCfg = Release|Any CPU
		{1A6B66D6-A340-480A-BCC3-884EB057EA12}.Release|Any CPU.Build.0 = Release|Any CPU
		{85E20216-858B-4E89-913C-FB08201A18F6}.Debug|Any CPU.ActiveCfg = Debug|Any CPU
		{85E20216-858B-4E89-913C-FB08201A18F6}.Debug|Any CPU.Build.0 = Debug|Any CPU
		{85E20216-858B-4E89-913C-FB08201A18F6}.Release|Any CPU.ActiveCfg = Release|Any CPU
		{85E20216-858B-4E89-913C-FB08201A18F6}.Release|Any CPU.Build.0 = Release|Any CPU
		{E1101DA4-C8F8-479B-B284-1C3F805F4B67}.Debug|Any CPU.ActiveCfg = Debug|Any CPU
		{E1101DA4-C8F8-479B-B284-1C3F805F4B67}.Debug|Any CPU.Build.0 = Debug|Any CPU
		{E1101DA4-C8F8-479B-B284-1C3F805F4B67}.Release|Any CPU.ActiveCfg = Release|Any CPU
		{E1101DA4-C8F8-479B-B284-1C3F805F4B67}.Release|Any CPU.Build.0 = Release|Any CPU
		{B090A5AF-8F09-41CE-935C-1236D251F211}.Debug|Any CPU.ActiveCfg = Debug|Any CPU
		{B090A5AF-8F09-41CE-935C-1236D251F211}.Debug|Any CPU.Build.0 = Debug|Any CPU
		{B090A5AF-8F09-41CE-935C-1236D251F211}.Release|Any CPU.ActiveCfg = Release|Any CPU
		{B090A5AF-8F09-41CE-935C-1236D251F211}.Release|Any CPU.Build.0 = Release|Any CPU
		{CD170119-645C-4ACA-AB26-CCA8A21D12B5}.Debug|Any CPU.ActiveCfg = Debug|Any CPU
		{CD170119-645C-4ACA-AB26-CCA8A21D12B5}.Debug|Any CPU.Build.0 = Debug|Any CPU
		{CD170119-645C-4ACA-AB26-CCA8A21D12B5}.Release|Any CPU.ActiveCfg = Release|Any CPU
		{CD170119-645C-4ACA-AB26-CCA8A21D12B5}.Release|Any CPU.Build.0 = Release|Any CPU
		{84FC33A3-9797-447E-8BB9-03FF61ED5175}.Debug|Any CPU.ActiveCfg = Debug|Any CPU
		{84FC33A3-9797-447E-8BB9-03FF61ED5175}.Debug|Any CPU.Build.0 = Debug|Any CPU
		{84FC33A3-9797-447E-8BB9-03FF61ED5175}.Release|Any CPU.ActiveCfg = Release|Any CPU
		{84FC33A3-9797-447E-8BB9-03FF61ED5175}.Release|Any CPU.Build.0 = Release|Any CPU
		{B2FA44D2-2DFE-4356-B4FE-7F5D7A9F8341}.Debug|Any CPU.ActiveCfg = Debug|Any CPU
		{B2FA44D2-2DFE-4356-B4FE-7F5D7A9F8341}.Debug|Any CPU.Build.0 = Debug|Any CPU
		{B2FA44D2-2DFE-4356-B4FE-7F5D7A9F8341}.Release|Any CPU.ActiveCfg = Release|Any CPU
		{B2FA44D2-2DFE-4356-B4FE-7F5D7A9F8341}.Release|Any CPU.Build.0 = Release|Any CPU
		{6A6377DE-1B47-46E2-9F1A-CE63DA7A8FFA}.Debug|Any CPU.ActiveCfg = Debug|Any CPU
		{6A6377DE-1B47-46E2-9F1A-CE63DA7A8FFA}.Debug|Any CPU.Build.0 = Debug|Any CPU
		{6A6377DE-1B47-46E2-9F1A-CE63DA7A8FFA}.Release|Any CPU.ActiveCfg = Release|Any CPU
		{6A6377DE-1B47-46E2-9F1A-CE63DA7A8FFA}.Release|Any CPU.Build.0 = Release|Any CPU
		{4ED163AB-7DB5-4E7A-B9E2-ECB4E87B6A96}.Debug|Any CPU.ActiveCfg = Debug|Any CPU
		{4ED163AB-7DB5-4E7A-B9E2-ECB4E87B6A96}.Debug|Any CPU.Build.0 = Debug|Any CPU
		{4ED163AB-7DB5-4E7A-B9E2-ECB4E87B6A96}.Release|Any CPU.ActiveCfg = Release|Any CPU
		{4ED163AB-7DB5-4E7A-B9E2-ECB4E87B6A96}.Release|Any CPU.Build.0 = Release|Any CPU
		{2EC73B76-2525-4543-BB10-3CBD1A4B8033}.Debug|Any CPU.ActiveCfg = Debug|Any CPU
		{2EC73B76-2525-4543-BB10-3CBD1A4B8033}.Debug|Any CPU.Build.0 = Debug|Any CPU
		{2EC73B76-2525-4543-BB10-3CBD1A4B8033}.Release|Any CPU.ActiveCfg = Release|Any CPU
		{2EC73B76-2525-4543-BB10-3CBD1A4B8033}.Release|Any CPU.Build.0 = Release|Any CPU
		{88332954-BC60-4653-B8BE-BC18D39DDE7A}.Debug|Any CPU.ActiveCfg = Debug|Any CPU
		{88332954-BC60-4653-B8BE-BC18D39DDE7A}.Debug|Any CPU.Build.0 = Debug|Any CPU
		{88332954-BC60-4653-B8BE-BC18D39DDE7A}.Release|Any CPU.ActiveCfg = Release|Any CPU
		{88332954-BC60-4653-B8BE-BC18D39DDE7A}.Release|Any CPU.Build.0 = Release|Any CPU
		{CCCA21D1-13B4-426B-A16A-D997B7159462}.Debug|Any CPU.ActiveCfg = Debug|Any CPU
		{CCCA21D1-13B4-426B-A16A-D997B7159462}.Debug|Any CPU.Build.0 = Debug|Any CPU
		{CCCA21D1-13B4-426B-A16A-D997B7159462}.Release|Any CPU.ActiveCfg = Release|Any CPU
		{CCCA21D1-13B4-426B-A16A-D997B7159462}.Release|Any CPU.Build.0 = Release|Any CPU
		{98177BEC-FC79-3C1B-409D-50D21355EBF2}.Debug|Any CPU.ActiveCfg = Debug|Any CPU
		{98177BEC-FC79-3C1B-409D-50D21355EBF2}.Debug|Any CPU.Build.0 = Debug|Any CPU
		{98177BEC-FC79-3C1B-409D-50D21355EBF2}.Release|Any CPU.ActiveCfg = Release|Any CPU
		{98177BEC-FC79-3C1B-409D-50D21355EBF2}.Release|Any CPU.Build.0 = Release|Any CPU
		{023C39C6-C79D-23D3-D81A-B87AD671CCEE}.Debug|Any CPU.ActiveCfg = Debug|Any CPU
		{023C39C6-C79D-23D3-D81A-B87AD671CCEE}.Debug|Any CPU.Build.0 = Debug|Any CPU
		{023C39C6-C79D-23D3-D81A-B87AD671CCEE}.Release|Any CPU.ActiveCfg = Release|Any CPU
		{023C39C6-C79D-23D3-D81A-B87AD671CCEE}.Release|Any CPU.Build.0 = Release|Any CPU
		{6681453C-68C0-5CAB-892A-DCA0BA0CB218}.Debug|Any CPU.ActiveCfg = Debug|Any CPU
		{6681453C-68C0-5CAB-892A-DCA0BA0CB218}.Debug|Any CPU.Build.0 = Debug|Any CPU
		{6681453C-68C0-5CAB-892A-DCA0BA0CB218}.Release|Any CPU.ActiveCfg = Release|Any CPU
		{6681453C-68C0-5CAB-892A-DCA0BA0CB218}.Release|Any CPU.Build.0 = Release|Any CPU
		{EB4F7117-8724-43DB-9118-21D4035A1104}.Debug|Any CPU.ActiveCfg = Debug|Any CPU
		{EB4F7117-8724-43DB-9118-21D4035A1104}.Debug|Any CPU.Build.0 = Debug|Any CPU
		{EB4F7117-8724-43DB-9118-21D4035A1104}.Release|Any CPU.ActiveCfg = Release|Any CPU
		{EB4F7117-8724-43DB-9118-21D4035A1104}.Release|Any CPU.Build.0 = Release|Any CPU
	EndGlobalSection
	GlobalSection(SolutionProperties) = preSolution
		HideSolutionNode = FALSE
	EndGlobalSection
	GlobalSection(NestedProjects) = preSolution
		{38ECE101-14D2-43C6-9752-8C4A1F9119A4} = {A4895304-B54C-450F-A664-424E86806C3E}
		{57AD49B6-16F5-41A0-A10E-443CB42F9536} = {38ECE101-14D2-43C6-9752-8C4A1F9119A4}
		{55FBDC21-762B-4DA5-B866-A9B26A682B39} = {38ECE101-14D2-43C6-9752-8C4A1F9119A4}
		{F350CDA9-11DC-4AD6-A57A-1FCF0C67FE3B} = {38ECE101-14D2-43C6-9752-8C4A1F9119A4}
		{0EA69280-79E5-424A-A24B-224B3AF56DAF} = {A4895304-B54C-450F-A664-424E86806C3E}
		{74208F59-5EB3-4D04-810B-2BC54D04780C} = {A4895304-B54C-450F-A664-424E86806C3E}
		{1ADA3EC9-D814-4D3A-9728-F1C4DB232F38} = {0EA69280-79E5-424A-A24B-224B3AF56DAF}
		{6FA4D2BF-DDBD-4969-B413-516C28103CC6} = {0EA69280-79E5-424A-A24B-224B3AF56DAF}
		{2CAFC6F1-3980-43F6-AD2C-A47ADD70F20C} = {A4895304-B54C-450F-A664-424E86806C3E}
		{2AFA8B30-8D99-43E0-899B-B5C0C2CCDAF1} = {2CAFC6F1-3980-43F6-AD2C-A47ADD70F20C}
		{B69DDE8B-9B1C-4C92-B18A-C6E6851AFE07} = {2CAFC6F1-3980-43F6-AD2C-A47ADD70F20C}
		{31658EFB-358E-44D6-9558-873734C6F107} = {A4895304-B54C-450F-A664-424E86806C3E}
		{27E14624-4D8D-460D-818F-D74B4FFAE051} = {31658EFB-358E-44D6-9558-873734C6F107}
		{B5CB5217-5A0A-48C5-9BAA-2DE96EFD089C} = {31658EFB-358E-44D6-9558-873734C6F107}
		{11872E0D-E647-4282-9B5C-E50E85E89019} = {2C48825B-BFB0-42D4-89AB-2C084B4B5008}
		{BB9AC0F5-CC02-4A80-A865-E64F2C69E749} = {2C48825B-BFB0-42D4-89AB-2C084B4B5008}
		{4EC34128-F8E9-4E9E-BB95-67B7DC5AE8C0} = {2C48825B-BFB0-42D4-89AB-2C084B4B5008}
		{D7E60AB4-81D6-425A-A4B2-52269F7FB463} = {2C48825B-BFB0-42D4-89AB-2C084B4B5008}
		{1A6B66D6-A340-480A-BCC3-884EB057EA12} = {2C48825B-BFB0-42D4-89AB-2C084B4B5008}
		{85E20216-858B-4E89-913C-FB08201A18F6} = {2C48825B-BFB0-42D4-89AB-2C084B4B5008}
		{E1101DA4-C8F8-479B-B284-1C3F805F4B67} = {8844D797-648C-4FEC-8FE1-7E6EAB1DFCFF}
		{B090A5AF-8F09-41CE-935C-1236D251F211} = {8844D797-648C-4FEC-8FE1-7E6EAB1DFCFF}
		{CD170119-645C-4ACA-AB26-CCA8A21D12B5} = {8844D797-648C-4FEC-8FE1-7E6EAB1DFCFF}
		{84FC33A3-9797-447E-8BB9-03FF61ED5175} = {8844D797-648C-4FEC-8FE1-7E6EAB1DFCFF}
		{B2FA44D2-2DFE-4356-B4FE-7F5D7A9F8341} = {8844D797-648C-4FEC-8FE1-7E6EAB1DFCFF}
		{8844D797-648C-4FEC-8FE1-7E6EAB1DFCFF} = {2C48825B-BFB0-42D4-89AB-2C084B4B5008}
		{6A6377DE-1B47-46E2-9F1A-CE63DA7A8FFA} = {3E29469D-BD77-457B-AD00-DA1BAC1440DB}
		{4ED163AB-7DB5-4E7A-B9E2-ECB4E87B6A96} = {3E29469D-BD77-457B-AD00-DA1BAC1440DB}
		{2EC73B76-2525-4543-BB10-3CBD1A4B8033} = {3E29469D-BD77-457B-AD00-DA1BAC1440DB}
		{88332954-BC60-4653-B8BE-BC18D39DDE7A} = {3E29469D-BD77-457B-AD00-DA1BAC1440DB}
		{CCCA21D1-13B4-426B-A16A-D997B7159462} = {3E29469D-BD77-457B-AD00-DA1BAC1440DB}
		{98177BEC-FC79-3C1B-409D-50D21355EBF2} = {74208F59-5EB3-4D04-810B-2BC54D04780C}
		{023C39C6-C79D-23D3-D81A-B87AD671CCEE} = {74208F59-5EB3-4D04-810B-2BC54D04780C}
		{6681453C-68C0-5CAB-892A-DCA0BA0CB218} = {74208F59-5EB3-4D04-810B-2BC54D04780C}
		{65045535-E58F-4E19-AE42-06691451CFFF} = {A4895304-B54C-450F-A664-424E86806C3E}
		{EB4F7117-8724-43DB-9118-21D4035A1104} = {65045535-E58F-4E19-AE42-06691451CFFF}
	EndGlobalSection
	GlobalSection(ExtensibilityGlobals) = postSolution
		SolutionGuid = {D03E7E8F-EA84-459E-B830-B223FCCF8D5C}
	EndGlobalSection
EndGlobal

