
Microsoft Visual Studio Solution File, Format Version 12.00
# Visual Studio Version 18
VisualStudioVersion = 18.0.11205.157
MinimumVisualStudioVersion = 10.0.40219.1
Project("{2150E333-8FDC-42A3-9474-1A3956D46DE8}") = "src", "src", "{A4895304-B54C-450F-A664-424E86806C3E}"
EndProject
Project("{2150E333-8FDC-42A3-9474-1A3956D46DE8}") = "Channel", "Channel", "{38ECE101-14D2-43C6-9752-8C4A1F9119A4}"
EndProject
Project("{FAE04EC0-301F-11D3-BF4B-00C04F79EFBC}") = "Hyper.Channel.Api", "src\Channel\Hyper.Channel.Api\Hyper.Channel.Api.csproj", "{57AD49B6-16F5-41A0-A10E-443CB42F9536}"
EndProject
Project("{FAE04EC0-301F-11D3-BF4B-00C04F79EFBC}") = "Hyper.Channel.Application", "src\Channel\Hyper.Channel.Application\Hyper.Channel.Application.csproj", "{55FBDC21-762B-4DA5-B866-A9B26A682B39}"
EndProject
Project("{FAE04EC0-301F-11D3-BF4B-00C04F79EFBC}") = "Hyper.Channel.Contracts", "src\Channel\Hyper.Channel.Contracts\Hyper.Channel.Contracts.csproj", "{F350CDA9-11DC-4AD6-A57A-1FCF0C67FE3B}"
EndProject
Project("{2150E333-8FDC-42A3-9474-1A3956D46DE8}") = "CustomerPortal", "CustomerPortal", "{0EA69280-79E5-424A-A24B-224B3AF56DAF}"
EndProject
Project("{2150E333-8FDC-42A3-9474-1A3956D46DE8}") = "1-Core", "1-Core", "{74208F59-5EB3-4D04-810B-2BC54D04780C}"
EndProject
Project("{FAE04EC0-301F-11D3-BF4B-00C04F79EFBC}") = "Hyper.CustomerPortal.Api", "src\CustomerPortal\Hyper.CustomerPortal.Api\Hyper.CustomerPortal.Api.csproj", "{1ADA3EC9-D814-4D3A-9728-F1C4DB232F38}"
EndProject
Project("{FAE04EC0-301F-11D3-BF4B-00C04F79EFBC}") = "Hyper.CustomerPortal.Application", "src\CustomerPortal\Hyper.CustomerPortal.Application\Hyper.CustomerPortal.Application.csproj", "{6FA4D2BF-DDBD-4969-B413-516C28103CC6}"
EndProject
Project("{2150E333-8FDC-42A3-9474-1A3956D46DE8}") = "EventHandler", "EventHandler", "{2CAFC6F1-3980-43F6-AD2C-A47ADD70F20C}"
EndProject
Project("{FAE04EC0-301F-11D3-BF4B-00C04F79EFBC}") = "Hyper.EventHandler.Api", "src\EventHandler\Hyper.EventHandler.Api\Hyper.EventHandler.Api.csproj", "{2AFA8B30-8D99-43E0-899B-B5C0C2CCDAF1}"
EndProject
Project("{FAE04EC0-301F-11D3-BF4B-00C04F79EFBC}") = "Hyper.EventHandler.Application", "src\EventHandler\Hyper.EventHandler.Application\Hyper.EventHandler.Application.csproj", "{B69DDE8B-9B1C-4C92-B18A-C6E6851AFE07}"
EndProject
Project("{2150E333-8FDC-42A3-9474-1A3956D46DE8}") = "PromotionJobWorker", "PromotionJobWorker", "{31658EFB-358E-44D6-9558-873734C6F107}"
EndProject
Project("{FAE04EC0-301F-11D3-BF4B-00C04F79EFBC}") = "Hyper.PromotionJobWorker.Api", "src\PromotionJobWorker\Hyper.PromotionJobWorker.Api\Hyper.PromotionJobWorker.Api.csproj", "{27E14624-4D8D-460D-818F-D74B4FFAE051}"
EndProject
Project("{FAE04EC0-301F-11D3-BF4B-00C04F79EFBC}") = "Hyper.PromotionJobWorker.Application", "src\PromotionJobWorker\Hyper.PromotionJobWorker.Application\Hyper.PromotionJobWorker.Application.csproj", "{B5CB5217-5A0A-48C5-9BAA-2DE96EFD089C}"
EndProject
Project("{2150E333-8FDC-42A3-9474-1A3956D46DE8}") = "Neo", "Neo", "{2C48825B-BFB0-42D4-89AB-2C084B4B5008}"
EndProject
Project("{FAE04EC0-301F-11D3-BF4B-00C04F79EFBC}") = "Neo.Common", "..\..\Neo\src\Neo.Common\Neo.Common.csproj", "{11872E0D-E647-4282-9B5C-E50E85E89019}"
EndProject
Project("{FAE04EC0-301F-11D3-BF4B-00C04F79EFBC}") = "Neo.Domain", "..\..\Neo\src\Neo.Domain\Neo.Domain.csproj", "{BB9AC0F5-CC02-4A80-A865-E64F2C69E749}"
EndProject
Project("{FAE04EC0-301F-11D3-BF4B-00C04F79EFBC}") = "Neo.Application", "..\..\Neo\src\Neo.Application\Neo.Application.csproj", "{4EC34128-F8E9-4E9E-BB95-67B7DC5AE8C0}"
EndProject
Project("{FAE04EC0-301F-11D3-BF4B-00C04F79EFBC}") = "Neo.Infrastructure", "..\..\Neo\src\Neo.Infrastructure\Neo.Infrastructure.csproj", "{D7E60AB4-81D6-425A-A4B2-52269F7FB463}"
EndProject
Project("{FAE04EC0-301F-11D3-BF4B-00C04F79EFBC}") = "Neo.Endpoint", "..\..\Neo\src\Neo.Endpoint\Neo.Endpoint.csproj", "{1A6B66D6-A340-480A-BCC3-884EB057EA12}"
EndProject
Project("{FAE04EC0-301F-11D3-BF4B-00C04F79EFBC}") = "Neo.Infrastructure.Hangfire", "..\..\Neo\src\Neo.Infrastructure.Hangfire\Neo.Infrastructure.Hangfire.csproj", "{85E20216-858B-4E89-913C-FB08201A18F6}"
EndProject
Project("{FAE04EC0-301F-11D3-BF4B-00C04F79EFBC}") = "Neo.Common.Tests", "..\..\Neo\tests\Neo.Common.Tests\Neo.Common.Tests.csproj", "{E1101DA4-C8F8-479B-B284-1C3F805F4B67}"
EndProject
Project("{FAE04EC0-301F-11D3-BF4B-00C04F79EFBC}") = "Neo.Domain.Tests", "..\..\Neo\tests\Neo.Domain.Tests\Neo.Domain.Tests.csproj", "{B090A5AF-8F09-41CE-935C-1236D251F211}"
EndProject
Project("{FAE04EC0-301F-11D3-BF4B-00C04F79EFBC}") = "Neo.Application.Tests", "..\..\Neo\tests\Neo.Application.Tests\Neo.Application.Tests.csproj", "{CD170119-645C-4ACA-AB26-CCA8A21D12B5}"
EndProject
Project("{FAE04EC0-301F-11D3-BF4B-00C04F79EFBC}") = "Neo.Infrastructure.IntegrationTests", "..\..\Neo\tests\Neo.Infrastructure.IntegrationTests\Neo.Infrastructure.IntegrationTests.csproj", "{84FC33A3-9797-447E-8BB9-03FF61ED5175}"
EndProject
Project("{FAE04EC0-301F-11D3-BF4B-00C04F79EFBC}") = "Neo.Endpoint.IntegrationTests", "..\..\Neo\tests\Neo.Endpoint.IntegrationTests\Neo.Endpoint.IntegrationTests.csproj", "{B2FA44D2-2DFE-4356-B4FE-7F5D7A9F8341}"
EndProject
Project("{2150E333-8FDC-42A3-9474-1A3956D46DE8}") = "tests", "tests", "{8844D797-648C-4FEC-8FE1-7E6EAB1DFCFF}"
EndProject
Project("{2150E333-8FDC-42A3-9474-1A3956D46DE8}") = "tests", "tests", "{3E29469D-BD77-457B-AD00-DA1BAC1440DB}"
EndProject
Project("{FAE04EC0-301F-11D3-BF4B-00C04F79EFBC}") = "Hyper.Domain.Tests", "tests\Hyper.Domain.Tests\Hyper.Domain.Tests.csproj", "{6A6377DE-1B47-46E2-9F1A-CE63DA7A8FFA}"
EndProject
Project("{FAE04EC0-301F-11D3-BF4B-00C04F79EFBC}") = "Hyper.Application.Tests", "tests\Hyper.Application.Tests\Hyper.Application.Tests.csproj", "{4ED163AB-7DB5-4E7A-B9E2-ECB4E87B6A96}"
EndProject
Project("{FAE04EC0-301F-11D3-BF4B-00C04F79EFBC}") = "Hyper.Infrastructure.Tests", "tests\Hyper.Infrastructure.Tests\Hyper.Infrastructure.Tests.csproj", "{2EC73B76-2525-4543-BB10-3CBD1A4B8033}"
EndProject
Project("{FAE04EC0-301F-11D3-BF4B-00C04F79EFBC}") = "Hyper.IntegrationTests", "tests\Hyper.IntegrationTests\Hyper.IntegrationTests.csproj", "{88332954-BC60-4653-B8BE-BC18D39DDE7A}"
EndProject
Project("{FAE04EC0-301F-11D3-BF4B-00C04F79EFBC}") = "Hyper.AdminPanel.Domain.Tests", "tests\Hyper.AdminPanel.Domain.Tests\Hyper.AdminPanel.Domain.Tests.csproj", "{CCCA21D1-13B4-426B-A16A-D997B7159462}"
EndProject
Project("{FAE04EC0-301F-11D3-BF4B-00C04F79EFBC}") = "Hyper.Domain", "src\Core\Hyper.Domain\Hyper.Domain.csproj", "{98177BEC-FC79-3C1B-409D-50D21355EBF2}"
EndProject
Project("{FAE04EC0-301F-11D3-BF4B-00C04F79EFBC}") = "Hyper.Application", "src\Core\Hyper.Application\Hyper.Application.csproj", "{023C39C6-C79D-23D3-D81A-B87AD671CCEE}"
EndProject
Project("{FAE04EC0-301F-11D3-BF4B-00C04F79EFBC}") = "Hyper.Infrastructure", "src\Core\Hyper.Infrastructure\Hyper.Infrastructure.csproj", "{6681453C-68C0-5CAB-892A-DCA0BA0CB218}"
EndProject
Project("{2150E333-8FDC-42A3-9474-1A3956D46DE8}") = "CallCenter", "CallCenter", "{65045535-E58F-4E19-AE42-06691451CFFF}"
EndProject
Project("{FAE04EC0-301F-11D3-BF4B-00C04F79EFBC}") = "Hyper.CallCenter.Api", "src\CallCenter\Hyper.CallCenter.Api\Hyper.CallCenter.Api.csproj", "{EB4F7117-8724-43DB-9118-21D4035A1104}"
EndProject
Project("{2150E333-8FDC-42A3-9474-1A3956D46DE8}") = "SDK", "SDK", "{4922D958-470B-2CE6-AC1E-A52CE8B7242E}"
EndProject
Project("{FAE04EC0-301F-11D3-BF4B-00C04F79EFBC}") = "Hyper.SDK", "src\SDK\Hyper.SDK.csproj", "{8FE42C7E-87AC-4519-8173-DAC454F9BBD7}"
EndProject
Project("{2150E333-8FDC-42A3-9474-1A3956D46DE8}") = "Integration", "Integration", "{CC898937-F06F-1C29-5A93-42D1EB415447}"
EndProject
Project("{FAE04EC0-301F-11D3-BF4B-00C04F79EFBC}") = "Hyper.Integration.Contracts", "src\Integration\Hyper.Integration.Contracts\Hyper.Integration.Contracts.csproj", "{9894BB49-D6A6-4549-8314-17472A585264}"
EndProject
Project("{FAE04EC0-301F-11D3-BF4B-00C04F79EFBC}") = "Hyper.Integration.Api", "src\Integration\Hyper.Integration.Api\Hyper.Integration.Api.csproj", "{71F0C8A2-42B0-4E94-AD39-45A7FD95A220}"
EndProject
Project("{2150E333-8FDC-42A3-9474-1A3956D46DE8}") = "Core", "Core", "{E3017B68-3417-DBFB-50F4-6B5381CB6AD8}"
EndProject
Project("{FAE04EC0-301F-11D3-BF4B-00C04F79EFBC}") = "Hyper.Integration.Domain", "src\Integration\Hyper.Integration.Domain\Hyper.Integration.Domain.csproj", "{7F5FEC0D-360A-4508-9014-043F1225E707}"
EndProject
Project("{FAE04EC0-301F-11D3-BF4B-00C04F79EFBC}") = "Neo.Bpms.Domain", "..\..\Neo-Bpms\src\Neo.Bpms.Domain\Neo.Bpms.Domain.csproj", "{18A38EA7-E18A-4861-B61B-0733EDDAD66E}"
EndProject
Project("{2150E333-8FDC-42A3-9474-1A3956D46DE8}") = "tools", "tools", "{07C2787E-EAC7-C090-1BA3-A61EC2A24D84}"
EndProject
Project("{FAE04EC0-301F-11D3-BF4B-00C04F79EFBC}") = "IntegrationDomainChecks", "tools\IntegrationDomainChecks\IntegrationDomainChecks.csproj", "{12C1D535-AD08-45BA-8C25-1BA196D9DCAE}"
EndProject
Project("{FAE04EC0-301F-11D3-BF4B-00C04F79EFBC}") = "Hyper.Integration.Infrastructure", "src\Integration\Hyper.Integration.Infrastructure\Hyper.Integration.Infrastructure.csproj", "{A59A433A-A48F-4540-B24F-7BFCF97BEFAC}"
EndProject
Project("{FAE04EC0-301F-11D3-BF4B-00C04F79EFBC}") = "IntegrationSchemaProvisioner", "tools\IntegrationSchemaProvisioner\IntegrationSchemaProvisioner.csproj", "{3CE7FC71-7642-4EAF-8A8D-0E9D0798E545}"
EndProject
Project("{2150E333-8FDC-42A3-9474-1A3956D46DE8}") = "Platform", "Platform", "{389EAF76-1707-D3EA-3A9F-2B39542128DA}"
EndProject
Project("{FAE04EC0-301F-11D3-BF4B-00C04F79EFBC}") = "Hyperyek.Accounting.Contracts", "src\Platform\Hyperyek.Accounting.Contracts\Hyperyek.Accounting.Contracts.csproj", "{B36D6588-187E-47BD-A0AE-3E701F7EE4EF}"
EndProject
Project("{FAE04EC0-301F-11D3-BF4B-00C04F79EFBC}") = "Hyperyek.Accounting.Api", "src\Platform\Hyperyek.Accounting.Api\Hyperyek.Accounting.Api.csproj", "{AA9B7B89-5BDC-4BAF-BF6A-DC5856B280F5}"
EndProject
Global
	GlobalSection(SolutionConfigurationPlatforms) = preSolution
		Debug|Any CPU = Debug|Any CPU
		Debug|x64 = Debug|x64
		Debug|x86 = Debug|x86
		Release|Any CPU = Release|Any CPU
		Release|x64 = Release|x64
		Release|x86 = Release|x86
	EndGlobalSection
	GlobalSection(ProjectConfigurationPlatforms) = postSolution
		{57AD49B6-16F5-41A0-A10E-443CB42F9536}.Debug|Any CPU.ActiveCfg = Debug|Any CPU
		{57AD49B6-16F5-41A0-A10E-443CB42F9536}.Debug|Any CPU.Build.0 = Debug|Any CPU
		{57AD49B6-16F5-41A0-A10E-443CB42F9536}.Debug|x64.ActiveCfg = Debug|Any CPU
		{57AD49B6-16F5-41A0-A10E-443CB42F9536}.Debug|x64.Build.0 = Debug|Any CPU
		{57AD49B6-16F5-41A0-A10E-443CB42F9536}.Debug|x86.ActiveCfg = Debug|Any CPU
		{57AD49B6-16F5-41A0-A10E-443CB42F9536}.Debug|x86.Build.0 = Debug|Any CPU
		{57AD49B6-16F5-41A0-A10E-443CB42F9536}.Release|Any CPU.ActiveCfg = Release|Any CPU
		{57AD49B6-16F5-41A0-A10E-443CB42F9536}.Release|Any CPU.Build.0 = Release|Any CPU
		{57AD49B6-16F5-41A0-A10E-443CB42F9536}.Release|x64.ActiveCfg = Release|Any CPU
		{57AD49B6-16F5-41A0-A10E-443CB42F9536}.Release|x64.Build.0 = Release|Any CPU
		{57AD49B6-16F5-41A0-A10E-443CB42F9536}.Release|x86.ActiveCfg = Release|Any CPU
		{57AD49B6-16F5-41A0-A10E-443CB42F9536}.Release|x86.Build.0 = Release|Any CPU
		{55FBDC21-762B-4DA5-B866-A9B26A682B39}.Debug|Any CPU.ActiveCfg = Debug|Any CPU
		{55FBDC21-762B-4DA5-B866-A9B26A682B39}.Debug|Any CPU.Build.0 = Debug|Any CPU
		{55FBDC21-762B-4DA5-B866-A9B26A682B39}.Debug|x64.ActiveCfg = Debug|Any CPU
		{55FBDC21-762B-4DA5-B866-A9B26A682B39}.Debug|x64.Build.0 = Debug|Any CPU
		{55FBDC21-762B-4DA5-B866-A9B26A682B39}.Debug|x86.ActiveCfg = Debug|Any CPU
		{55FBDC21-762B-4DA5-B866-A9B26A682B39}.Debug|x86.Build.0 = Debug|Any CPU
		{55FBDC21-762B-4DA5-B866-A9B26A682B39}.Release|Any CPU.ActiveCfg = Release|Any CPU
		{55FBDC21-762B-4DA5-B866-A9B26A682B39}.Release|Any CPU.Build.0 = Release|Any CPU
		{55FBDC21-762B-4DA5-B866-A9B26A682B39}.Release|x64.ActiveCfg = Release|Any CPU
		{55FBDC21-762B-4DA5-B866-A9B26A682B39}.Release|x64.Build.0 = Release|Any CPU
		{55FBDC21-762B-4DA5-B866-A9B26A682B39}.Release|x86.ActiveCfg = Release|Any CPU
		{55FBDC21-762B-4DA5-B866-A9B26A682B39}.Release|x86.Build.0 = Release|Any CPU
		{F350CDA9-11DC-4AD6-A57A-1FCF0C67FE3B}.Debug|Any CPU.ActiveCfg = Debug|Any CPU
		{F350CDA9-11DC-4AD6-A57A-1FCF0C67FE3B}.Debug|Any CPU.Build.0 = Debug|Any CPU
		{F350CDA9-11DC-4AD6-A57A-1FCF0C67FE3B}.Debug|x64.ActiveCfg = Debug|Any CPU
		{F350CDA9-11DC-4AD6-A57A-1FCF0C67FE3B}.Debug|x64.Build.0 = Debug|Any CPU
		{F350CDA9-11DC-4AD6-A57A-1FCF0C67FE3B}.Debug|x86.ActiveCfg = Debug|Any CPU
		{F350CDA9-11DC-4AD6-A57A-1FCF0C67FE3B}.Debug|x86.Build.0 = Debug|Any CPU
		{F350CDA9-11DC-4AD6-A57A-1FCF0C67FE3B}.Release|Any CPU.ActiveCfg = Release|Any CPU
		{F350CDA9-11DC-4AD6-A57A-1FCF0C67FE3B}.Release|Any CPU.Build.0 = Release|Any CPU
		{F350CDA9-11DC-4AD6-A57A-1FCF0C67FE3B}.Release|x64.ActiveCfg = Release|Any CPU
		{F350CDA9-11DC-4AD6-A57A-1FCF0C67FE3B}.Release|x64.Build.0 = Release|Any CPU
		{F350CDA9-11DC-4AD6-A57A-1FCF0C67FE3B}.Release|x86.ActiveCfg = Release|Any CPU
		{F350CDA9-11DC-4AD6-A57A-1FCF0C67FE3B}.Release|x86.Build.0 = Release|Any CPU
		{1ADA3EC9-D814-4D3A-9728-F1C4DB232F38}.Debug|Any CPU.ActiveCfg = Debug|Any CPU
		{1ADA3EC9-D814-4D3A-9728-F1C4DB232F38}.Debug|Any CPU.Build.0 = Debug|Any CPU
		{1ADA3EC9-D814-4D3A-9728-F1C4DB232F38}.Debug|x64.ActiveCfg = Debug|Any CPU
		{1ADA3EC9-D814-4D3A-9728-F1C4DB232F38}.Debug|x64.Build.0 = Debug|Any CPU
		{1ADA3EC9-D814-4D3A-9728-F1C4DB232F38}.Debug|x86.ActiveCfg = Debug|Any CPU
		{1ADA3EC9-D814-4D3A-9728-F1C4DB232F38}.Debug|x86.Build.0 = Debug|Any CPU
		{1ADA3EC9-D814-4D3A-9728-F1C4DB232F38}.Release|Any CPU.ActiveCfg = Release|Any CPU
		{1ADA3EC9-D814-4D3A-9728-F1C4DB232F38}.Release|Any CPU.Build.0 = Release|Any CPU
		{1ADA3EC9-D814-4D3A-9728-F1C4DB232F38}.Release|x64.ActiveCfg = Release|Any CPU
		{1ADA3EC9-D814-4D3A-9728-F1C4DB232F38}.Release|x64.Build.0 = Release|Any CPU
		{1ADA3EC9-D814-4D3A-9728-F1C4DB232F38}.Release|x86.ActiveCfg = Release|Any CPU
		{1ADA3EC9-D814-4D3A-9728-F1C4DB232F38}.Release|x86.Build.0 = Release|Any CPU
		{6FA4D2BF-DDBD-4969-B413-516C28103CC6}.Debug|Any CPU.ActiveCfg = Debug|Any CPU
		{6FA4D2BF-DDBD-4969-B413-516C28103CC6}.Debug|Any CPU.Build.0 = Debug|Any CPU
		{6FA4D2BF-DDBD-4969-B413-516C28103CC6}.Debug|x64.ActiveCfg = Debug|Any CPU
		{6FA4D2BF-DDBD-4969-B413-516C28103CC6}.Debug|x64.Build.0 = Debug|Any CPU
		{6FA4D2BF-DDBD-4969-B413-516C28103CC6}.Debug|x86.ActiveCfg = Debug|Any CPU
		{6FA4D2BF-DDBD-4969-B413-516C28103CC6}.Debug|x86.Build.0 = Debug|Any CPU
		{6FA4D2BF-DDBD-4969-B413-516C28103CC6}.Release|Any CPU.ActiveCfg = Release|Any CPU
		{6FA4D2BF-DDBD-4969-B413-516C28103CC6}.Release|Any CPU.Build.0 = Release|Any CPU
		{6FA4D2BF-DDBD-4969-B413-516C28103CC6}.Release|x64.ActiveCfg = Release|Any CPU
		{6FA4D2BF-DDBD-4969-B413-516C28103CC6}.Release|x64.Build.0 = Release|Any CPU
		{6FA4D2BF-DDBD-4969-B413-516C28103CC6}.Release|x86.ActiveCfg = Release|Any CPU
		{6FA4D2BF-DDBD-4969-B413-516C28103CC6}.Release|x86.Build.0 = Release|Any CPU
		{2AFA8B30-8D99-43E0-899B-B5C0C2CCDAF1}.Debug|Any CPU.ActiveCfg = Debug|Any CPU
		{2AFA8B30-8D99-43E0-899B-B5C0C2CCDAF1}.Debug|Any CPU.Build.0 = Debug|Any CPU
		{2AFA8B30-8D99-43E0-899B-B5C0C2CCDAF1}.Debug|x64.ActiveCfg = Debug|Any CPU
		{2AFA8B30-8D99-43E0-899B-B5C0C2CCDAF1}.Debug|x64.Build.0 = Debug|Any CPU
		{2AFA8B30-8D99-43E0-899B-B5C0C2CCDAF1}.Debug|x86.ActiveCfg = Debug|Any CPU
		{2AFA8B30-8D99-43E0-899B-B5C0C2CCDAF1}.Debug|x86.Build.0 = Debug|Any CPU
		{2AFA8B30-8D99-43E0-899B-B5C0C2CCDAF1}.Release|Any CPU.ActiveCfg = Release|Any CPU
		{2AFA8B30-8D99-43E0-899B-B5C0C2CCDAF1}.Release|Any CPU.Build.0 = Release|Any CPU
		{2AFA8B30-8D99-43E0-899B-B5C0C2CCDAF1}.Release|x64.ActiveCfg = Release|Any CPU
		{2AFA8B30-8D99-43E0-899B-B5C0C2CCDAF1}.Release|x64.Build.0 = Release|Any CPU
		{2AFA8B30-8D99-43E0-899B-B5C0C2CCDAF1}.Release|x86.ActiveCfg = Release|Any CPU
		{2AFA8B30-8D99-43E0-899B-B5C0C2CCDAF1}.Release|x86.Build.0 = Release|Any CPU
		{B69DDE8B-9B1C-4C92-B18A-C6E6851AFE07}.Debug|Any CPU.ActiveCfg = Debug|Any CPU
		{B69DDE8B-9B1C-4C92-B18A-C6E6851AFE07}.Debug|Any CPU.Build.0 = Debug|Any CPU
		{B69DDE8B-9B1C-4C92-B18A-C6E6851AFE07}.Debug|x64.ActiveCfg = Debug|Any CPU
		{B69DDE8B-9B1C-4C92-B18A-C6E6851AFE07}.Debug|x64.Build.0 = Debug|Any CPU
		{B69DDE8B-9B1C-4C92-B18A-C6E6851AFE07}.Debug|x86.ActiveCfg = Debug|Any CPU
		{B69DDE8B-9B1C-4C92-B18A-C6E6851AFE07}.Debug|x86.Build.0 = Debug|Any CPU
		{B69DDE8B-9B1C-4C92-B18A-C6E6851AFE07}.Release|Any CPU.ActiveCfg = Release|Any CPU
		{B69DDE8B-9B1C-4C92-B18A-C6E6851AFE07}.Release|Any CPU.Build.0 = Release|Any CPU
		{B69DDE8B-9B1C-4C92-B18A-C6E6851AFE07}.Release|x64.ActiveCfg = Release|Any CPU
		{B69DDE8B-9B1C-4C92-B18A-C6E6851AFE07}.Release|x64.Build.0 = Release|Any CPU
		{B69DDE8B-9B1C-4C92-B18A-C6E6851AFE07}.Release|x86.ActiveCfg = Release|Any CPU
		{B69DDE8B-9B1C-4C92-B18A-C6E6851AFE07}.Release|x86.Build.0 = Release|Any CPU
		{27E14624-4D8D-460D-818F-D74B4FFAE051}.Debug|Any CPU.ActiveCfg = Debug|Any CPU
		{27E14624-4D8D-460D-818F-D74B4FFAE051}.Debug|Any CPU.Build.0 = Debug|Any CPU
		{27E14624-4D8D-460D-818F-D74B4FFAE051}.Debug|x64.ActiveCfg = Debug|Any CPU
		{27E14624-4D8D-460D-818F-D74B4FFAE051}.Debug|x64.Build.0 = Debug|Any CPU
		{27E14624-4D8D-460D-818F-D74B4FFAE051}.Debug|x86.ActiveCfg = Debug|Any CPU
		{27E14624-4D8D-460D-818F-D74B4FFAE051}.Debug|x86.Build.0 = Debug|Any CPU
		{27E14624-4D8D-460D-818F-D74B4FFAE051}.Release|Any CPU.ActiveCfg = Release|Any CPU
		{27E14624-4D8D-460D-818F-D74B4FFAE051}.Release|Any CPU.Build.0 = Release|Any CPU
		{27E14624-4D8D-460D-818F-D74B4FFAE051}.Release|x64.ActiveCfg = Release|Any CPU
		{27E14624-4D8D-460D-818F-D74B4FFAE051}.Release|x64.Build.0 = Release|Any CPU
		{27E14624-4D8D-460D-818F-D74B4FFAE051}.Release|x86.ActiveCfg = Release|Any CPU
		{27E14624-4D8D-460D-818F-D74B4FFAE051}.Release|x86.Build.0 = Release|Any CPU
		{B5CB5217-5A0A-48C5-9BAA-2DE96EFD089C}.Debug|Any CPU.ActiveCfg = Debug|Any CPU
		{B5CB5217-5A0A-48C5-9BAA-2DE96EFD089C}.Debug|Any CPU.Build.0 = Debug|Any CPU
		{B5CB5217-5A0A-48C5-9BAA-2DE96EFD089C}.Debug|x64.ActiveCfg = Debug|Any CPU
		{B5CB5217-5A0A-48C5-9BAA-2DE96EFD089C}.Debug|x64.Build.0 = Debug|Any CPU
		{B5CB5217-5A0A-48C5-9BAA-2DE96EFD089C}.Debug|x86.ActiveCfg = Debug|Any CPU
		{B5CB5217-5A0A-48C5-9BAA-2DE96EFD089C}.Debug|x86.Build.0 = Debug|Any CPU
		{B5CB5217-5A0A-48C5-9BAA-2DE96EFD089C}.Release|Any CPU.ActiveCfg = Release|Any CPU
		{B5CB5217-5A0A-48C5-9BAA-2DE96EFD089C}.Release|Any CPU.Build.0 = Release|Any CPU
		{B5CB5217-5A0A-48C5-9BAA-2DE96EFD089C}.Release|x64.ActiveCfg = Release|Any CPU
		{B5CB5217-5A0A-48C5-9BAA-2DE96EFD089C}.Release|x64.Build.0 = Release|Any CPU
		{B5CB5217-5A0A-48C5-9BAA-2DE96EFD089C}.Release|x86.ActiveCfg = Release|Any CPU
		{B5CB5217-5A0A-48C5-9BAA-2DE96EFD089C}.Release|x86.Build.0 = Release|Any CPU
		{11872E0D-E647-4282-9B5C-E50E85E89019}.Debug|Any CPU.ActiveCfg = Debug|Any CPU
		{11872E0D-E647-4282-9B5C-E50E85E89019}.Debug|Any CPU.Build.0 = Debug|Any CPU
		{11872E0D-E647-4282-9B5C-E50E85E89019}.Debug|x64.ActiveCfg = Debug|Any CPU
		{11872E0D-E647-4282-9B5C-E50E85E89019}.Debug|x64.Build.0 = Debug|Any CPU
		{11872E0D-E647-4282-9B5C-E50E85E89019}.Debug|x86.ActiveCfg = Debug|Any CPU
		{11872E0D-E647-4282-9B5C-E50E85E89019}.Debug|x86.Build.0 = Debug|Any CPU
		{11872E0D-E647-4282-9B5C-E50E85E89019}.Release|Any CPU.ActiveCfg = Release|Any CPU
		{11872E0D-E647-4282-9B5C-E50E85E89019}.Release|Any CPU.Build.0 = Release|Any CPU
		{11872E0D-E647-4282-9B5C-E50E85E89019}.Release|x64.ActiveCfg = Release|Any CPU
		{11872E0D-E647-4282-9B5C-E50E85E89019}.Release|x64.Build.0 = Release|Any CPU
		{11872E0D-E647-4282-9B5C-E50E85E89019}.Release|x86.ActiveCfg = Release|Any CPU
		{11872E0D-E647-4282-9B5C-E50E85E89019}.Release|x86.Build.0 = Release|Any CPU
		{BB9AC0F5-CC02-4A80-A865-E64F2C69E749}.Debug|Any CPU.ActiveCfg = Debug|Any CPU
		{BB9AC0F5-CC02-4A80-A865-E64F2C69E749}.Debug|Any CPU.Build.0 = Debug|Any CPU
		{BB9AC0F5-CC02-4A80-A865-E64F2C69E749}.Debug|x64.ActiveCfg = Debug|Any CPU
		{BB9AC0F5-CC02-4A80-A865-E64F2C69E749}.Debug|x64.Build.0 = Debug|Any CPU
		{BB9AC0F5-CC02-4A80-A865-E64F2C69E749}.Debug|x86.ActiveCfg = Debug|Any CPU
		{BB9AC0F5-CC02-4A80-A865-E64F2C69E749}.Debug|x86.Build.0 = Debug|Any CPU
		{BB9AC0F5-CC02-4A80-A865-E64F2C69E749}.Release|Any CPU.ActiveCfg = Release|Any CPU
		{BB9AC0F5-CC02-4A80-A865-E64F2C69E749}.Release|Any CPU.Build.0 = Release|Any CPU
		{BB9AC0F5-CC02-4A80-A865-E64F2C69E749}.Release|x64.ActiveCfg = Release|Any CPU
		{BB9AC0F5-CC02-4A80-A865-E64F2C69E749}.Release|x64.Build.0 = Release|Any CPU
		{BB9AC0F5-CC02-4A80-A865-E64F2C69E749}.Release|x86.ActiveCfg = Release|Any CPU
		{BB9AC0F5-CC02-4A80-A865-E64F2C69E749}.Release|x86.Build.0 = Release|Any CPU
		{4EC34128-F8E9-4E9E-BB95-67B7DC5AE8C0}.Debug|Any CPU.ActiveCfg = Debug|Any CPU
		{4EC34128-F8E9-4E9E-BB95-67B7DC5AE8C0}.Debug|Any CPU.Build.0 = Debug|Any CPU
		{4EC34128-F8E9-4E9E-BB95-67B7DC5AE8C0}.Debug|x64.ActiveCfg = Debug|Any CPU
		{4EC34128-F8E9-4E9E-BB95-67B7DC5AE8C0}.Debug|x64.Build.0 = Debug|Any CPU
		{4EC34128-F8E9-4E9E-BB95-67B7DC5AE8C0}.Debug|x86.ActiveCfg = Debug|Any CPU
		{4EC34128-F8E9-4E9E-BB95-67B7DC5AE8C0}.Debug|x86.Build.0 = Debug|Any CPU
		{4EC34128-F8E9-4E9E-BB95-67B7DC5AE8C0}.Release|Any CPU.ActiveCfg = Release|Any CPU
		{4EC34128-F8E9-4E9E-BB95-67B7DC5AE8C0}.Release|Any CPU.Build.0 = Release|Any CPU
		{4EC34128-F8E9-4E9E-BB95-67B7DC5AE8C0}.Release|x64.ActiveCfg = Release|Any CPU
		{4EC34128-F8E9-4E9E-BB95-67B7DC5AE8C0}.Release|x64.Build.0 = Release|Any CPU
		{4EC34128-F8E9-4E9E-BB95-67B7DC5AE8C0}.Release|x86.ActiveCfg = Release|Any CPU
		{4EC34128-F8E9-4E9E-BB95-67B7DC5AE8C0}.Release|x86.Build.0 = Release|Any CPU
		{D7E60AB4-81D6-425A-A4B2-52269F7FB463}.Debug|Any CPU.ActiveCfg = Debug|Any CPU
		{D7E60AB4-81D6-425A-A4B2-52269F7FB463}.Debug|Any CPU.Build.0 = Debug|Any CPU
		{D7E60AB4-81D6-425A-A4B2-52269F7FB463}.Debug|x64.ActiveCfg = Debug|Any CPU
		{D7E60AB4-81D6-425A-A4B2-52269F7FB463}.Debug|x64.Build.0 = Debug|Any CPU
		{D7E60AB4-81D6-425A-A4B2-52269F7FB463}.Debug|x86.ActiveCfg = Debug|Any CPU
		{D7E60AB4-81D6-425A-A4B2-52269F7FB463}.Debug|x86.Build.0 = Debug|Any CPU
		{D7E60AB4-81D6-425A-A4B2-52269F7FB463}.Release|Any CPU.ActiveCfg = Release|Any CPU
		{D7E60AB4-81D6-425A-A4B2-52269F7FB463}.Release|Any CPU.Build.0 = Release|Any CPU
		{D7E60AB4-81D6-425A-A4B2-52269F7FB463}.Release|x64.ActiveCfg = Release|Any CPU
		{D7E60AB4-81D6-425A-A4B2-52269F7FB463}.Release|x64.Build.0 = Release|Any CPU
		{D7E60AB4-81D6-425A-A4B2-52269F7FB463}.Release|x86.ActiveCfg = Release|Any CPU
		{D7E60AB4-81D6-425A-A4B2-52269F7FB463}.Release|x86.Build.0 = Release|Any CPU
		{1A6B66D6-A340-480A-BCC3-884EB057EA12}.Debug|Any CPU.ActiveCfg = Debug|Any CPU
		{1A6B66D6-A340-480A-BCC3-884EB057EA12}.Debug|Any CPU.Build.0 = Debug|Any CPU
		{1A6B66D6-A340-480A-BCC3-884EB057EA12}.Debug|x64.ActiveCfg = Debug|Any CPU
		{1A6B66D6-A340-480A-BCC3-884EB057EA12}.Debug|x64.Build.0 = Debug|Any CPU
		{1A6B66D6-A340-480A-BCC3-884EB057EA12}.Debug|x86.ActiveCfg = Debug|Any CPU
		{1A6B66D6-A340-480A-BCC3-884EB057EA12}.Debug|x86.Build.0 = Debug|Any CPU
		{1A6B66D6-A340-480A-BCC3-884EB057EA12}.Release|Any CPU.ActiveCfg = Release|Any CPU
		{1A6B66D6-A340-480A-BCC3-884EB057EA12}.Release|Any CPU.Build.0 = Release|Any CPU
		{1A6B66D6-A340-480A-BCC3-884EB057EA12}.Release|x64.ActiveCfg = Release|Any CPU
		{1A6B66D6-A340-480A-BCC3-884EB057EA12}.Release|x64.Build.0 = Release|Any CPU
		{1A6B66D6-A340-480A-BCC3-884EB057EA12}.Release|x86.ActiveCfg = Release|Any CPU
		{1A6B66D6-A340-480A-BCC3-884EB057EA12}.Release|x86.Build.0 = Release|Any CPU
		{85E20216-858B-4E89-913C-FB08201A18F6}.Debug|Any CPU.ActiveCfg = Debug|Any CPU
		{85E20216-858B-4E89-913C-FB08201A18F6}.Debug|Any CPU.Build.0 = Debug|Any CPU
		{85E20216-858B-4E89-913C-FB08201A18F6}.Debug|x64.ActiveCfg = Debug|Any CPU
		{85E20216-858B-4E89-913C-FB08201A18F6}.Debug|x64.Build.0 = Debug|Any CPU
		{85E20216-858B-4E89-913C-FB08201A18F6}.Debug|x86.ActiveCfg = Debug|Any CPU
		{85E20216-858B-4E89-913C-FB08201A18F6}.Debug|x86.Build.0 = Debug|Any CPU
		{85E20216-858B-4E89-913C-FB08201A18F6}.Release|Any CPU.ActiveCfg = Release|Any CPU
		{85E20216-858B-4E89-913C-FB08201A18F6}.Release|Any CPU.Build.0 = Release|Any CPU
		{85E20216-858B-4E89-913C-FB08201A18F6}.Release|x64.ActiveCfg = Release|Any CPU
		{85E20216-858B-4E89-913C-FB08201A18F6}.Release|x64.Build.0 = Release|Any CPU
		{85E20216-858B-4E89-913C-FB08201A18F6}.Release|x86.ActiveCfg = Release|Any CPU
		{85E20216-858B-4E89-913C-FB08201A18F6}.Release|x86.Build.0 = Release|Any CPU
		{E1101DA4-C8F8-479B-B284-1C3F805F4B67}.Debug|Any CPU.ActiveCfg = Debug|Any CPU
		{E1101DA4-C8F8-479B-B284-1C3F805F4B67}.Debug|Any CPU.Build.0 = Debug|Any CPU
		{E1101DA4-C8F8-479B-B284-1C3F805F4B67}.Debug|x64.ActiveCfg = Debug|Any CPU
		{E1101DA4-C8F8-479B-B284-1C3F805F4B67}.Debug|x64.Build.0 = Debug|Any CPU
		{E1101DA4-C8F8-479B-B284-1C3F805F4B67}.Debug|x86.ActiveCfg = Debug|Any CPU
		{E1101DA4-C8F8-479B-B284-1C3F805F4B67}.Debug|x86.Build.0 = Debug|Any CPU
		{E1101DA4-C8F8-479B-B284-1C3F805F4B67}.Release|Any CPU.ActiveCfg = Release|Any CPU
		{E1101DA4-C8F8-479B-B284-1C3F805F4B67}.Release|Any CPU.Build.0 = Release|Any CPU
		{E1101DA4-C8F8-479B-B284-1C3F805F4B67}.Release|x64.ActiveCfg = Release|Any CPU
		{E1101DA4-C8F8-479B-B284-1C3F805F4B67}.Release|x64.Build.0 = Release|Any CPU
		{E1101DA4-C8F8-479B-B284-1C3F805F4B67}.Release|x86.ActiveCfg = Release|Any CPU
		{E1101DA4-C8F8-479B-B284-1C3F805F4B67}.Release|x86.Build.0 = Release|Any CPU
		{B090A5AF-8F09-41CE-935C-1236D251F211}.Debug|Any CPU.ActiveCfg = Debug|Any CPU
		{B090A5AF-8F09-41CE-935C-1236D251F211}.Debug|Any CPU.Build.0 = Debug|Any CPU
		{B090A5AF-8F09-41CE-935C-1236D251F211}.Debug|x64.ActiveCfg = Debug|Any CPU
		{B090A5AF-8F09-41CE-935C-1236D251F211}.Debug|x64.Build.0 = Debug|Any CPU
		{B090A5AF-8F09-41CE-935C-1236D251F211}.Debug|x86.ActiveCfg = Debug|Any CPU
		{B090A5AF-8F09-41CE-935C-1236D251F211}.Debug|x86.Build.0 = Debug|Any CPU
		{B090A5AF-8F09-41CE-935C-1236D251F211}.Release|Any CPU.ActiveCfg = Release|Any CPU
		{B090A5AF-8F09-41CE-935C-1236D251F211}.Release|Any CPU.Build.0 = Release|Any CPU
		{B090A5AF-8F09-41CE-935C-1236D251F211}.Release|x64.ActiveCfg = Release|Any CPU
		{B090A5AF-8F09-41CE-935C-1236D251F211}.Release|x64.Build.0 = Release|Any CPU
		{B090A5AF-8F09-41CE-935C-1236D251F211}.Release|x86.ActiveCfg = Release|Any CPU
		{B090A5AF-8F09-41CE-935C-1236D251F211}.Release|x86.Build.0 = Release|Any CPU
		{CD170119-645C-4ACA-AB26-CCA8A21D12B5}.Debug|Any CPU.ActiveCfg = Debug|Any CPU
		{CD170119-645C-4ACA-AB26-CCA8A21D12B5}.Debug|Any CPU.Build.0 = Debug|Any CPU
		{CD170119-645C-4ACA-AB26-CCA8A21D12B5}.Debug|x64.ActiveCfg = Debug|Any CPU
		{CD170119-645C-4ACA-AB26-CCA8A21D12B5}.Debug|x64.Build.0 = Debug|Any CPU
		{CD170119-645C-4ACA-AB26-CCA8A21D12B5}.Debug|x86.ActiveCfg = Debug|Any CPU
		{CD170119-645C-4ACA-AB26-CCA8A21D12B5}.Debug|x86.Build.0 = Debug|Any CPU
		{CD170119-645C-4ACA-AB26-CCA8A21D12B5}.Release|Any CPU.ActiveCfg = Release|Any CPU
		{CD170119-645C-4ACA-AB26-CCA8A21D12B5}.Release|Any CPU.Build.0 = Release|Any CPU
		{CD170119-645C-4ACA-AB26-CCA8A21D12B5}.Release|x64.ActiveCfg = Release|Any CPU
		{CD170119-645C-4ACA-AB26-CCA8A21D12B5}.Release|x64.Build.0 = Release|Any CPU
		{CD170119-645C-4ACA-AB26-CCA8A21D12B5}.Release|x86.ActiveCfg = Release|Any CPU
		{CD170119-645C-4ACA-AB26-CCA8A21D12B5}.Release|x86.Build.0 = Release|Any CPU
		{84FC33A3-9797-447E-8BB9-03FF61ED5175}.Debug|Any CPU.ActiveCfg = Debug|Any CPU
		{84FC33A3-9797-447E-8BB9-03FF61ED5175}.Debug|Any CPU.Build.0 = Debug|Any CPU
		{84FC33A3-9797-447E-8BB9-03FF61ED5175}.Debug|x64.ActiveCfg = Debug|Any CPU
		{84FC33A3-9797-447E-8BB9-03FF61ED5175}.Debug|x64.Build.0 = Debug|Any CPU
		{84FC33A3-9797-447E-8BB9-03FF61ED5175}.Debug|x86.ActiveCfg = Debug|Any CPU
		{84FC33A3-9797-447E-8BB9-03FF61ED5175}.Debug|x86.Build.0 = Debug|Any CPU
		{84FC33A3-9797-447E-8BB9-03FF61ED5175}.Release|Any CPU.ActiveCfg = Release|Any CPU
		{84FC33A3-9797-447E-8BB9-03FF61ED5175}.Release|Any CPU.Build.0 = Release|Any CPU
		{84FC33A3-9797-447E-8BB9-03FF61ED5175}.Release|x64.ActiveCfg = Release|Any CPU
		{84FC33A3-9797-447E-8BB9-03FF61ED5175}.Release|x64.Build.0 = Release|Any CPU
		{84FC33A3-9797-447E-8BB9-03FF61ED5175}.Release|x86.ActiveCfg = Release|Any CPU
		{84FC33A3-9797-447E-8BB9-03FF61ED5175}.Release|x86.Build.0 = Release|Any CPU
		{B2FA44D2-2DFE-4356-B4FE-7F5D7A9F8341}.Debug|Any CPU.ActiveCfg = Debug|Any CPU
		{B2FA44D2-2DFE-4356-B4FE-7F5D7A9F8341}.Debug|Any CPU.Build.0 = Debug|Any CPU
		{B2FA44D2-2DFE-4356-B4FE-7F5D7A9F8341}.Debug|x64.ActiveCfg = Debug|Any CPU
		{B2FA44D2-2DFE-4356-B4FE-7F5D7A9F8341}.Debug|x64.Build.0 = Debug|Any CPU
		{B2FA44D2-2DFE-4356-B4FE-7F5D7A9F8341}.Debug|x86.ActiveCfg = Debug|Any CPU
		{B2FA44D2-2DFE-4356-B4FE-7F5D7A9F8341}.Debug|x86.Build.0 = Debug|Any CPU
		{B2FA44D2-2DFE-4356-B4FE-7F5D7A9F8341}.Release|Any CPU.ActiveCfg = Release|Any CPU
		{B2FA44D2-2DFE-4356-B4FE-7F5D7A9F8341}.Release|Any CPU.Build.0 = Release|Any CPU
		{B2FA44D2-2DFE-4356-B4FE-7F5D7A9F8341}.Release|x64.ActiveCfg = Release|Any CPU
		{B2FA44D2-2DFE-4356-B4FE-7F5D7A9F8341}.Release|x64.Build.0 = Release|Any CPU
		{B2FA44D2-2DFE-4356-B4FE-7F5D7A9F8341}.Release|x86.ActiveCfg = Release|Any CPU
		{B2FA44D2-2DFE-4356-B4FE-7F5D7A9F8341}.Release|x86.Build.0 = Release|Any CPU
		{6A6377DE-1B47-46E2-9F1A-CE63DA7A8FFA}.Debug|Any CPU.ActiveCfg = Debug|Any CPU
		{6A6377DE-1B47-46E2-9F1A-CE63DA7A8FFA}.Debug|Any CPU.Build.0 = Debug|Any CPU
		{6A6377DE-1B47-46E2-9F1A-CE63DA7A8FFA}.Debug|x64.ActiveCfg = Debug|Any CPU
		{6A6377DE-1B47-46E2-9F1A-CE63DA7A8FFA}.Debug|x64.Build.0 = Debug|Any CPU
		{6A6377DE-1B47-46E2-9F1A-CE63DA7A8FFA}.Debug|x86.ActiveCfg = Debug|Any CPU
		{6A6377DE-1B47-46E2-9F1A-CE63DA7A8FFA}.Debug|x86.Build.0 = Debug|Any CPU
		{6A6377DE-1B47-46E2-9F1A-CE63DA7A8FFA}.Release|Any CPU.ActiveCfg = Release|Any CPU
		{6A6377DE-1B47-46E2-9F1A-CE63DA7A8FFA}.Release|Any CPU.Build.0 = Release|Any CPU
		{6A6377DE-1B47-46E2-9F1A-CE63DA7A8FFA}.Release|x64.ActiveCfg = Release|Any CPU
		{6A6377DE-1B47-46E2-9F1A-CE63DA7A8FFA}.Release|x64.Build.0 = Release|Any CPU
		{6A6377DE-1B47-46E2-9F1A-CE63DA7A8FFA}.Release|x86.ActiveCfg = Release|Any CPU
		{6A6377DE-1B47-46E2-9F1A-CE63DA7A8FFA}.Release|x86.Build.0 = Release|Any CPU
		{4ED163AB-7DB5-4E7A-B9E2-ECB4E87B6A96}.Debug|Any CPU.ActiveCfg = Debug|Any CPU
		{4ED163AB-7DB5-4E7A-B9E2-ECB4E87B6A96}.Debug|Any CPU.Build.0 = Debug|Any CPU
		{4ED163AB-7DB5-4E7A-B9E2-ECB4E87B6A96}.Debug|x64.ActiveCfg = Debug|Any CPU
		{4ED163AB-7DB5-4E7A-B9E2-ECB4E87B6A96}.Debug|x64.Build.0 = Debug|Any CPU
		{4ED163AB-7DB5-4E7A-B9E2-ECB4E87B6A96}.Debug|x86.ActiveCfg = Debug|Any CPU
		{4ED163AB-7DB5-4E7A-B9E2-ECB4E87B6A96}.Debug|x86.Build.0 = Debug|Any CPU
		{4ED163AB-7DB5-4E7A-B9E2-ECB4E87B6A96}.Release|Any CPU.ActiveCfg = Release|Any CPU
		{4ED163AB-7DB5-4E7A-B9E2-ECB4E87B6A96}.Release|Any CPU.Build.0 = Release|Any CPU
		{4ED163AB-7DB5-4E7A-B9E2-ECB4E87B6A96}.Release|x64.ActiveCfg = Release|Any CPU
		{4ED163AB-7DB5-4E7A-B9E2-ECB4E87B6A96}.Release|x64.Build.0 = Release|Any CPU
		{4ED163AB-7DB5-4E7A-B9E2-ECB4E87B6A96}.Release|x86.ActiveCfg = Release|Any CPU
		{4ED163AB-7DB5-4E7A-B9E2-ECB4E87B6A96}.Release|x86.Build.0 = Release|Any CPU
		{2EC73B76-2525-4543-BB10-3CBD1A4B8033}.Debug|Any CPU.ActiveCfg = Debug|Any CPU
		{2EC73B76-2525-4543-BB10-3CBD1A4B8033}.Debug|Any CPU.Build.0 = Debug|Any CPU
		{2EC73B76-2525-4543-BB10-3CBD1A4B8033}.Debug|x64.ActiveCfg = Debug|Any CPU
		{2EC73B76-2525-4543-BB10-3CBD1A4B8033}.Debug|x64.Build.0 = Debug|Any CPU
		{2EC73B76-2525-4543-BB10-3CBD1A4B8033}.Debug|x86.ActiveCfg = Debug|Any CPU
		{2EC73B76-2525-4543-BB10-3CBD1A4B8033}.Debug|x86.Build.0 = Debug|Any CPU
		{2EC73B76-2525-4543-BB10-3CBD1A4B8033}.Release|Any CPU.ActiveCfg = Release|Any CPU
		{2EC73B76-2525-4543-BB10-3CBD1A4B8033}.Release|Any CPU.Build.0 = Release|Any CPU
		{2EC73B76-2525-4543-BB10-3CBD1A4B8033}.Release|x64.ActiveCfg = Release|Any CPU
		{2EC73B76-2525-4543-BB10-3CBD1A4B8033}.Release|x64.Build.0 = Release|Any CPU
		{2EC73B76-2525-4543-BB10-3CBD1A4B8033}.Release|x86.ActiveCfg = Release|Any CPU
		{2EC73B76-2525-4543-BB10-3CBD1A4B8033}.Release|x86.Build.0 = Release|Any CPU
		{88332954-BC60-4653-B8BE-BC18D39DDE7A}.Debug|Any CPU.ActiveCfg = Debug|Any CPU
		{88332954-BC60-4653-B8BE-BC18D39DDE7A}.Debug|Any CPU.Build.0 = Debug|Any CPU
		{88332954-BC60-4653-B8BE-BC18D39DDE7A}.Debug|x64.ActiveCfg = Debug|Any CPU
		{88332954-BC60-4653-B8BE-BC18D39DDE7A}.Debug|x64.Build.0 = Debug|Any CPU
		{88332954-BC60-4653-B8BE-BC18D39DDE7A}.Debug|x86.ActiveCfg = Debug|Any CPU
		{88332954-BC60-4653-B8BE-BC18D39DDE7A}.Debug|x86.Build.0 = Debug|Any CPU
		{88332954-BC60-4653-B8BE-BC18D39DDE7A}.Release|Any CPU.ActiveCfg = Release|Any CPU
		{88332954-BC60-4653-B8BE-BC18D39DDE7A}.Release|Any CPU.Build.0 = Release|Any CPU
		{88332954-BC60-4653-B8BE-BC18D39DDE7A}.Release|x64.ActiveCfg = Release|Any CPU
		{88332954-BC60-4653-B8BE-BC18D39DDE7A}.Release|x64.Build.0 = Release|Any CPU
		{88332954-BC60-4653-B8BE-BC18D39DDE7A}.Release|x86.ActiveCfg = Release|Any CPU
		{88332954-BC60-4653-B8BE-BC18D39DDE7A}.Release|x86.Build.0 = Release|Any CPU
		{CCCA21D1-13B4-426B-A16A-D997B7159462}.Debug|Any CPU.ActiveCfg = Debug|Any CPU
		{CCCA21D1-13B4-426B-A16A-D997B7159462}.Debug|Any CPU.Build.0 = Debug|Any CPU
		{CCCA21D1-13B4-426B-A16A-D997B7159462}.Debug|x64.ActiveCfg = Debug|Any CPU
		{CCCA21D1-13B4-426B-A16A-D997B7159462}.Debug|x64.Build.0 = Debug|Any CPU
		{CCCA21D1-13B4-426B-A16A-D997B7159462}.Debug|x86.ActiveCfg = Debug|Any CPU
		{CCCA21D1-13B4-426B-A16A-D997B7159462}.Debug|x86.Build.0 = Debug|Any CPU
		{CCCA21D1-13B4-426B-A16A-D997B7159462}.Release|Any CPU.ActiveCfg = Release|Any CPU
		{CCCA21D1-13B4-426B-A16A-D997B7159462}.Release|Any CPU.Build.0 = Release|Any CPU
		{CCCA21D1-13B4-426B-A16A-D997B7159462}.Release|x64.ActiveCfg = Release|Any CPU
		{CCCA21D1-13B4-426B-A16A-D997B7159462}.Release|x64.Build.0 = Release|Any CPU
		{CCCA21D1-13B4-426B-A16A-D997B7159462}.Release|x86.ActiveCfg = Release|Any CPU
		{CCCA21D1-13B4-426B-A16A-D997B7159462}.Release|x86.Build.0 = Release|Any CPU
		{98177BEC-FC79-3C1B-409D-50D21355EBF2}.Debug|Any CPU.ActiveCfg = Debug|Any CPU
		{98177BEC-FC79-3C1B-409D-50D21355EBF2}.Debug|Any CPU.Build.0 = Debug|Any CPU
		{98177BEC-FC79-3C1B-409D-50D21355EBF2}.Debug|x64.ActiveCfg = Debug|Any CPU
		{98177BEC-FC79-3C1B-409D-50D21355EBF2}.Debug|x64.Build.0 = Debug|Any CPU
		{98177BEC-FC79-3C1B-409D-50D21355EBF2}.Debug|x86.ActiveCfg = Debug|Any CPU
		{98177BEC-FC79-3C1B-409D-50D21355EBF2}.Debug|x86.Build.0 = Debug|Any CPU
		{98177BEC-FC79-3C1B-409D-50D21355EBF2}.Release|Any CPU.ActiveCfg = Release|Any CPU
		{98177BEC-FC79-3C1B-409D-50D21355EBF2}.Release|Any CPU.Build.0 = Release|Any CPU
		{98177BEC-FC79-3C1B-409D-50D21355EBF2}.Release|x64.ActiveCfg = Release|Any CPU
		{98177BEC-FC79-3C1B-409D-50D21355EBF2}.Release|x64.Build.0 = Release|Any CPU
		{98177BEC-FC79-3C1B-409D-50D21355EBF2}.Release|x86.ActiveCfg = Release|Any CPU
		{98177BEC-FC79-3C1B-409D-50D21355EBF2}.Release|x86.Build.0 = Release|Any CPU
		{023C39C6-C79D-23D3-D81A-B87AD671CCEE}.Debug|Any CPU.ActiveCfg = Debug|Any CPU
		{023C39C6-C79D-23D3-D81A-B87AD671CCEE}.Debug|Any CPU.Build.0 = Debug|Any CPU
		{023C39C6-C79D-23D3-D81A-B87AD671CCEE}.Debug|x64.ActiveCfg = Debug|Any CPU
		{023C39C6-C79D-23D3-D81A-B87AD671CCEE}.Debug|x64.Build.0 = Debug|Any CPU
		{023C39C6-C79D-23D3-D81A-B87AD671CCEE}.Debug|x86.ActiveCfg = Debug|Any CPU
		{023C39C6-C79D-23D3-D81A-B87AD671CCEE}.Debug|x86.Build.0 = Debug|Any CPU
		{023C39C6-C79D-23D3-D81A-B87AD671CCEE}.Release|Any CPU.ActiveCfg = Release|Any CPU
		{023C39C6-C79D-23D3-D81A-B87AD671CCEE}.Release|Any CPU.Build.0 = Release|Any CPU
		{023C39C6-C79D-23D3-D81A-B87AD671CCEE}.Release|x64.ActiveCfg = Release|Any CPU
		{023C39C6-C79D-23D3-D81A-B87AD671CCEE}.Release|x64.Build.0 = Release|Any CPU
		{023C39C6-C79D-23D3-D81A-B87AD671CCEE}.Release|x86.ActiveCfg = Release|Any CPU
		{023C39C6-C79D-23D3-D81A-B87AD671CCEE}.Release|x86.Build.0 = Release|Any CPU
		{6681453C-68C0-5CAB-892A-DCA0BA0CB218}.Debug|Any CPU.ActiveCfg = Debug|Any CPU
		{6681453C-68C0-5CAB-892A-DCA0BA0CB218}.Debug|Any CPU.Build.0 = Debug|Any CPU
		{6681453C-68C0-5CAB-892A-DCA0BA0CB218}.Debug|x64.ActiveCfg = Debug|Any CPU
		{6681453C-68C0-5CAB-892A-DCA0BA0CB218}.Debug|x64.Build.0 = Debug|Any CPU
		{6681453C-68C0-5CAB-892A-DCA0BA0CB218}.Debug|x86.ActiveCfg = Debug|Any CPU
		{6681453C-68C0-5CAB-892A-DCA0BA0CB218}.Debug|x86.Build.0 = Debug|Any CPU
		{6681453C-68C0-5CAB-892A-DCA0BA0CB218}.Release|Any CPU.ActiveCfg = Release|Any CPU
		{6681453C-68C0-5CAB-892A-DCA0BA0CB218}.Release|Any CPU.Build.0 = Release|Any CPU
		{6681453C-68C0-5CAB-892A-DCA0BA0CB218}.Release|x64.ActiveCfg = Release|Any CPU
		{6681453C-68C0-5CAB-892A-DCA0BA0CB218}.Release|x64.Build.0 = Release|Any CPU
		{6681453C-68C0-5CAB-892A-DCA0BA0CB218}.Release|x86.ActiveCfg = Release|Any CPU
		{6681453C-68C0-5CAB-892A-DCA0BA0CB218}.Release|x86.Build.0 = Release|Any CPU
		{EB4F7117-8724-43DB-9118-21D4035A1104}.Debug|Any CPU.ActiveCfg = Debug|Any CPU
		{EB4F7117-8724-43DB-9118-21D4035A1104}.Debug|Any CPU.Build.0 = Debug|Any CPU
		{EB4F7117-8724-43DB-9118-21D4035A1104}.Debug|x64.ActiveCfg = Debug|Any CPU
		{EB4F7117-8724-43DB-9118-21D4035A1104}.Debug|x64.Build.0 = Debug|Any CPU
		{EB4F7117-8724-43DB-9118-21D4035A1104}.Debug|x86.ActiveCfg = Debug|Any CPU
		{EB4F7117-8724-43DB-9118-21D4035A1104}.Debug|x86.Build.0 = Debug|Any CPU
		{EB4F7117-8724-43DB-9118-21D4035A1104}.Release|Any CPU.ActiveCfg = Release|Any CPU
		{EB4F7117-8724-43DB-9118-21D4035A1104}.Release|Any CPU.Build.0 = Release|Any CPU
		{EB4F7117-8724-43DB-9118-21D4035A1104}.Release|x64.ActiveCfg = Release|Any CPU
		{EB4F7117-8724-43DB-9118-21D4035A1104}.Release|x64.Build.0 = Release|Any CPU
		{EB4F7117-8724-43DB-9118-21D4035A1104}.Release|x86.ActiveCfg = Release|Any CPU
		{EB4F7117-8724-43DB-9118-21D4035A1104}.Release|x86.Build.0 = Release|Any CPU
		{8FE42C7E-87AC-4519-8173-DAC454F9BBD7}.Debug|Any CPU.ActiveCfg = Debug|Any CPU
		{8FE42C7E-87AC-4519-8173-DAC454F9BBD7}.Debug|Any CPU.Build.0 = Debug|Any CPU
		{8FE42C7E-87AC-4519-8173-DAC454F9BBD7}.Debug|x64.ActiveCfg = Debug|Any CPU
		{8FE42C7E-87AC-4519-8173-DAC454F9BBD7}.Debug|x64.Build.0 = Debug|Any CPU
		{8FE42C7E-87AC-4519-8173-DAC454F9BBD7}.Debug|x86.ActiveCfg = Debug|Any CPU
		{8FE42C7E-87AC-4519-8173-DAC454F9BBD7}.Debug|x86.Build.0 = Debug|Any CPU
		{8FE42C7E-87AC-4519-8173-DAC454F9BBD7}.Release|Any CPU.ActiveCfg = Release|Any CPU
		{8FE42C7E-87AC-4519-8173-DAC454F9BBD7}.Release|Any CPU.Build.0 = Release|Any CPU
		{8FE42C7E-87AC-4519-8173-DAC454F9BBD7}.Release|x64.ActiveCfg = Release|Any CPU
		{8FE42C7E-87AC-4519-8173-DAC454F9BBD7}.Release|x64.Build.0 = Release|Any CPU
		{8FE42C7E-87AC-4519-8173-DAC454F9BBD7}.Release|x86.ActiveCfg = Release|Any CPU
		{8FE42C7E-87AC-4519-8173-DAC454F9BBD7}.Release|x86.Build.0 = Release|Any CPU
		{9894BB49-D6A6-4549-8314-17472A585264}.Debug|Any CPU.ActiveCfg = Debug|Any CPU
		{9894BB49-D6A6-4549-8314-17472A585264}.Debug|Any CPU.Build.0 = Debug|Any CPU
		{9894BB49-D6A6-4549-8314-17472A585264}.Debug|x64.ActiveCfg = Debug|Any CPU
		{9894BB49-D6A6-4549-8314-17472A585264}.Debug|x64.Build.0 = Debug|Any CPU
		{9894BB49-D6A6-4549-8314-17472A585264}.Debug|x86.ActiveCfg = Debug|Any CPU
		{9894BB49-D6A6-4549-8314-17472A585264}.Debug|x86.Build.0 = Debug|Any CPU
		{9894BB49-D6A6-4549-8314-17472A585264}.Release|Any CPU.ActiveCfg = Release|Any CPU
		{9894BB49-D6A6-4549-8314-17472A585264}.Release|Any CPU.Build.0 = Release|Any CPU
		{9894BB49-D6A6-4549-8314-17472A585264}.Release|x64.ActiveCfg = Release|Any CPU
		{9894BB49-D6A6-4549-8314-17472A585264}.Release|x64.Build.0 = Release|Any CPU
		{9894BB49-D6A6-4549-8314-17472A585264}.Release|x86.ActiveCfg = Release|Any CPU
		{9894BB49-D6A6-4549-8314-17472A585264}.Release|x86.Build.0 = Release|Any CPU
		{71F0C8A2-42B0-4E94-AD39-45A7FD95A220}.Debug|Any CPU.ActiveCfg = Debug|Any CPU
		{71F0C8A2-42B0-4E94-AD39-45A7FD95A220}.Debug|Any CPU.Build.0 = Debug|Any CPU
		{71F0C8A2-42B0-4E94-AD39-45A7FD95A220}.Debug|x64.ActiveCfg = Debug|Any CPU
		{71F0C8A2-42B0-4E94-AD39-45A7FD95A220}.Debug|x64.Build.0 = Debug|Any CPU
		{71F0C8A2-42B0-4E94-AD39-45A7FD95A220}.Debug|x86.ActiveCfg = Debug|Any CPU
		{71F0C8A2-42B0-4E94-AD39-45A7FD95A220}.Debug|x86.Build.0 = Debug|Any CPU
		{71F0C8A2-42B0-4E94-AD39-45A7FD95A220}.Release|Any CPU.ActiveCfg = Release|Any CPU
		{71F0C8A2-42B0-4E94-AD39-45A7FD95A220}.Release|Any CPU.Build.0 = Release|Any CPU
		{71F0C8A2-42B0-4E94-AD39-45A7FD95A220}.Release|x64.ActiveCfg = Release|Any CPU
		{71F0C8A2-42B0-4E94-AD39-45A7FD95A220}.Release|x64.Build.0 = Release|Any CPU
		{71F0C8A2-42B0-4E94-AD39-45A7FD95A220}.Release|x86.ActiveCfg = Release|Any CPU
		{71F0C8A2-42B0-4E94-AD39-45A7FD95A220}.Release|x86.Build.0 = Release|Any CPU
		{7F5FEC0D-360A-4508-9014-043F1225E707}.Debug|Any CPU.ActiveCfg = Debug|Any CPU
		{7F5FEC0D-360A-4508-9014-043F1225E707}.Debug|Any CPU.Build.0 = Debug|Any CPU
		{7F5FEC0D-360A-4508-9014-043F1225E707}.Debug|x64.ActiveCfg = Debug|Any CPU
		{7F5FEC0D-360A-4508-9014-043F1225E707}.Debug|x64.Build.0 = Debug|Any CPU
		{7F5FEC0D-360A-4508-9014-043F1225E707}.Debug|x86.ActiveCfg = Debug|Any CPU
		{7F5FEC0D-360A-4508-9014-043F1225E707}.Debug|x86.Build.0 = Debug|Any CPU
		{7F5FEC0D-360A-4508-9014-043F1225E707}.Release|Any CPU.ActiveCfg = Release|Any CPU
		{7F5FEC0D-360A-4508-9014-043F1225E707}.Release|Any CPU.Build.0 = Release|Any CPU
		{7F5FEC0D-360A-4508-9014-043F1225E707}.Release|x64.ActiveCfg = Release|Any CPU
		{7F5FEC0D-360A-4508-9014-043F1225E707}.Release|x64.Build.0 = Release|Any CPU
		{7F5FEC0D-360A-4508-9014-043F1225E707}.Release|x86.ActiveCfg = Release|Any CPU
		{7F5FEC0D-360A-4508-9014-043F1225E707}.Release|x86.Build.0 = Release|Any CPU
		{18A38EA7-E18A-4861-B61B-0733EDDAD66E}.Debug|Any CPU.ActiveCfg = Debug|Any CPU
		{18A38EA7-E18A-4861-B61B-0733EDDAD66E}.Debug|Any CPU.Build.0 = Debug|Any CPU
		{18A38EA7-E18A-4861-B61B-0733EDDAD66E}.Debug|x64.ActiveCfg = Debug|Any CPU
		{18A38EA7-E18A-4861-B61B-0733EDDAD66E}.Debug|x64.Build.0 = Debug|Any CPU
		{18A38EA7-E18A-4861-B61B-0733EDDAD66E}.Debug|x86.ActiveCfg = Debug|Any CPU
		{18A38EA7-E18A-4861-B61B-0733EDDAD66E}.Debug|x86.Build.0 = Debug|Any CPU
		{18A38EA7-E18A-4861-B61B-0733EDDAD66E}.Release|Any CPU.ActiveCfg = Release|Any CPU
		{18A38EA7-E18A-4861-B61B-0733EDDAD66E}.Release|Any CPU.Build.0 = Release|Any CPU
		{18A38EA7-E18A-4861-B61B-0733EDDAD66E}.Release|x64.ActiveCfg = Release|Any CPU
		{18A38EA7-E18A-4861-B61B-0733EDDAD66E}.Release|x64.Build.0 = Release|Any CPU
		{18A38EA7-E18A-4861-B61B-0733EDDAD66E}.Release|x86.ActiveCfg = Release|Any CPU
		{18A38EA7-E18A-4861-B61B-0733EDDAD66E}.Release|x86.Build.0 = Release|Any CPU
		{12C1D535-AD08-45BA-8C25-1BA196D9DCAE}.Debug|Any CPU.ActiveCfg = Debug|Any CPU
		{12C1D535-AD08-45BA-8C25-1BA196D9DCAE}.Debug|Any CPU.Build.0 = Debug|Any CPU
		{12C1D535-AD08-45BA-8C25-1BA196D9DCAE}.Debug|x64.ActiveCfg = Debug|Any CPU
		{12C1D535-AD08-45BA-8C25-1BA196D9DCAE}.Debug|x64.Build.0 = Debug|Any CPU
		{12C1D535-AD08-45BA-8C25-1BA196D9DCAE}.Debug|x86.ActiveCfg = Debug|Any CPU
		{12C1D535-AD08-45BA-8C25-1BA196D9DCAE}.Debug|x86.Build.0 = Debug|Any CPU
		{12C1D535-AD08-45BA-8C25-1BA196D9DCAE}.Release|Any CPU.ActiveCfg = Release|Any CPU
		{12C1D535-AD08-45BA-8C25-1BA196D9DCAE}.Release|Any CPU.Build.0 = Release|Any CPU
		{12C1D535-AD08-45BA-8C25-1BA196D9DCAE}.Release|x64.ActiveCfg = Release|Any CPU
		{12C1D535-AD08-45BA-8C25-1BA196D9DCAE}.Release|x64.Build.0 = Release|Any CPU
		{12C1D535-AD08-45BA-8C25-1BA196D9DCAE}.Release|x86.ActiveCfg = Release|Any CPU
		{12C1D535-AD08-45BA-8C25-1BA196D9DCAE}.Release|x86.Build.0 = Release|Any CPU
		{A59A433A-A48F-4540-B24F-7BFCF97BEFAC}.Debug|Any CPU.ActiveCfg = Debug|Any CPU
		{A59A433A-A48F-4540-B24F-7BFCF97BEFAC}.Debug|Any CPU.Build.0 = Debug|Any CPU
		{A59A433A-A48F-4540-B24F-7BFCF97BEFAC}.Debug|x64.ActiveCfg = Debug|Any CPU
		{A59A433A-A48F-4540-B24F-7BFCF97BEFAC}.Debug|x64.Build.0 = Debug|Any CPU
		{A59A433A-A48F-4540-B24F-7BFCF97BEFAC}.Debug|x86.ActiveCfg = Debug|Any CPU
		{A59A433A-A48F-4540-B24F-7BFCF97BEFAC}.Debug|x86.Build.0 = Debug|Any CPU
		{A59A433A-A48F-4540-B24F-7BFCF97BEFAC}.Release|Any CPU.ActiveCfg = Release|Any CPU
		{A59A433A-A48F-4540-B24F-7BFCF97BEFAC}.Release|Any CPU.Build.0 = Release|Any CPU
		{A59A433A-A48F-4540-B24F-7BFCF97BEFAC}.Release|x64.ActiveCfg = Release|Any CPU
		{A59A433A-A48F-4540-B24F-7BFCF97BEFAC}.Release|x64.Build.0 = Release|Any CPU
		{A59A433A-A48F-4540-B24F-7BFCF97BEFAC}.Release|x86.ActiveCfg = Release|Any CPU
		{A59A433A-A48F-4540-B24F-7BFCF97BEFAC}.Release|x86.Build.0 = Release|Any CPU
		{3CE7FC71-7642-4EAF-8A8D-0E9D0798E545}.Debug|Any CPU.ActiveCfg = Debug|Any CPU
		{3CE7FC71-7642-4EAF-8A8D-0E9D0798E545}.Debug|Any CPU.Build.0 = Debug|Any CPU
		{3CE7FC71-7642-4EAF-8A8D-0E9D0798E545}.Debug|x64.ActiveCfg = Debug|Any CPU
		{3CE7FC71-7642-4EAF-8A8D-0E9D0798E545}.Debug|x64.Build.0 = Debug|Any CPU
		{3CE7FC71-7642-4EAF-8A8D-0E9D0798E545}.Debug|x86.ActiveCfg = Debug|Any CPU
		{3CE7FC71-7642-4EAF-8A8D-0E9D0798E545}.Debug|x86.Build.0 = Debug|Any CPU
		{3CE7FC71-7642-4EAF-8A8D-0E9D0798E545}.Release|Any CPU.ActiveCfg = Release|Any CPU
		{3CE7FC71-7642-4EAF-8A8D-0E9D0798E545}.Release|Any CPU.Build.0 = Release|Any CPU
		{3CE7FC71-7642-4EAF-8A8D-0E9D0798E545}.Release|x64.ActiveCfg = Release|Any CPU
		{3CE7FC71-7642-4EAF-8A8D-0E9D0798E545}.Release|x64.Build.0 = Release|Any CPU
		{3CE7FC71-7642-4EAF-8A8D-0E9D0798E545}.Release|x86.ActiveCfg = Release|Any CPU
		{3CE7FC71-7642-4EAF-8A8D-0E9D0798E545}.Release|x86.Build.0 = Release|Any CPU
		{B36D6588-187E-47BD-A0AE-3E701F7EE4EF}.Debug|Any CPU.ActiveCfg = Debug|Any CPU
		{B36D6588-187E-47BD-A0AE-3E701F7EE4EF}.Debug|Any CPU.Build.0 = Debug|Any CPU
		{B36D6588-187E-47BD-A0AE-3E701F7EE4EF}.Debug|x64.ActiveCfg = Debug|Any CPU
		{B36D6588-187E-47BD-A0AE-3E701F7EE4EF}.Debug|x64.Build.0 = Debug|Any CPU
		{B36D6588-187E-47BD-A0AE-3E701F7EE4EF}.Debug|x86.ActiveCfg = Debug|Any CPU
		{B36D6588-187E-47BD-A0AE-3E701F7EE4EF}.Debug|x86.Build.0 = Debug|Any CPU
		{B36D6588-187E-47BD-A0AE-3E701F7EE4EF}.Release|Any CPU.ActiveCfg = Release|Any CPU
		{B36D6588-187E-47BD-A0AE-3E701F7EE4EF}.Release|Any CPU.Build.0 = Release|Any CPU
		{B36D6588-187E-47BD-A0AE-3E701F7EE4EF}.Release|x64.ActiveCfg = Release|Any CPU
		{B36D6588-187E-47BD-A0AE-3E701F7EE4EF}.Release|x64.Build.0 = Release|Any CPU
		{B36D6588-187E-47BD-A0AE-3E701F7EE4EF}.Release|x86.ActiveCfg = Release|Any CPU
		{B36D6588-187E-47BD-A0AE-3E701F7EE4EF}.Release|x86.Build.0 = Release|Any CPU
		{AA9B7B89-5BDC-4BAF-BF6A-DC5856B280F5}.Debug|Any CPU.ActiveCfg = Debug|Any CPU
		{AA9B7B89-5BDC-4BAF-BF6A-DC5856B280F5}.Debug|Any CPU.Build.0 = Debug|Any CPU
		{AA9B7B89-5BDC-4BAF-BF6A-DC5856B280F5}.Debug|x64.ActiveCfg = Debug|Any CPU
		{AA9B7B89-5BDC-4BAF-BF6A-DC5856B280F5}.Debug|x64.Build.0 = Debug|Any CPU
		{AA9B7B89-5BDC-4BAF-BF6A-DC5856B280F5}.Debug|x86.ActiveCfg = Debug|Any CPU
		{AA9B7B89-5BDC-4BAF-BF6A-DC5856B280F5}.Debug|x86.Build.0 = Debug|Any CPU
		{AA9B7B89-5BDC-4BAF-BF6A-DC5856B280F5}.Release|Any CPU.ActiveCfg = Release|Any CPU
		{AA9B7B89-5BDC-4BAF-BF6A-DC5856B280F5}.Release|Any CPU.Build.0 = Release|Any CPU
		{AA9B7B89-5BDC-4BAF-BF6A-DC5856B280F5}.Release|x64.ActiveCfg = Release|Any CPU
		{AA9B7B89-5BDC-4BAF-BF6A-DC5856B280F5}.Release|x64.Build.0 = Release|Any CPU
		{AA9B7B89-5BDC-4BAF-BF6A-DC5856B280F5}.Release|x86.ActiveCfg = Release|Any CPU
		{AA9B7B89-5BDC-4BAF-BF6A-DC5856B280F5}.Release|x86.Build.0 = Release|Any CPU
	EndGlobalSection
	GlobalSection(SolutionProperties) = preSolution
		HideSolutionNode = FALSE
	EndGlobalSection
	GlobalSection(NestedProjects) = preSolution
		{38ECE101-14D2-43C6-9752-8C4A1F9119A4} = {A4895304-B54C-450F-A664-424E86806C3E}
		{57AD49B6-16F5-41A0-A10E-443CB42F9536} = {38ECE101-14D2-43C6-9752-8C4A1F9119A4}
		{55FBDC21-762B-4DA5-B866-A9B26A682B39} = {38ECE101-14D2-43C6-9752-8C4A1F9119A4}
		{F350CDA9-11DC-4AD6-A57A-1FCF0C67FE3B} = {38ECE101-14D2-43C6-9752-8C4A1F9119A4}
		{0EA69280-79E5-424A-A24B-224B3AF56DAF} = {A4895304-B54C-450F-A664-424E86806C3E}
		{74208F59-5EB3-4D04-810B-2BC54D04780C} = {A4895304-B54C-450F-A664-424E86806C3E}
		{1ADA3EC9-D814-4D3A-9728-F1C4DB232F38} = {0EA69280-79E5-424A-A24B-224B3AF56DAF}
		{6FA4D2BF-DDBD-4969-B413-516C28103CC6} = {0EA69280-79E5-424A-A24B-224B3AF56DAF}
		{2CAFC6F1-3980-43F6-AD2C-A47ADD70F20C} = {A4895304-B54C-450F-A664-424E86806C3E}
		{2AFA8B30-8D99-43E0-899B-B5C0C2CCDAF1} = {2CAFC6F1-3980-43F6-AD2C-A47ADD70F20C}
		{B69DDE8B-9B1C-4C92-B18A-C6E6851AFE07} = {2CAFC6F1-3980-43F6-AD2C-A47ADD70F20C}
		{31658EFB-358E-44D6-9558-873734C6F107} = {A4895304-B54C-450F-A664-424E86806C3E}
		{27E14624-4D8D-460D-818F-D74B4FFAE051} = {31658EFB-358E-44D6-9558-873734C6F107}
		{B5CB5217-5A0A-48C5-9BAA-2DE96EFD089C} = {31658EFB-358E-44D6-9558-873734C6F107}
		{11872E0D-E647-4282-9B5C-E50E85E89019} = {2C48825B-BFB0-42D4-89AB-2C084B4B5008}
		{BB9AC0F5-CC02-4A80-A865-E64F2C69E749} = {2C48825B-BFB0-42D4-89AB-2C084B4B5008}
		{4EC34128-F8E9-4E9E-BB95-67B7DC5AE8C0} = {2C48825B-BFB0-42D4-89AB-2C084B4B5008}
		{D7E60AB4-81D6-425A-A4B2-52269F7FB463} = {2C48825B-BFB0-42D4-89AB-2C084B4B5008}
		{1A6B66D6-A340-480A-BCC3-884EB057EA12} = {2C48825B-BFB0-42D4-89AB-2C084B4B5008}
		{85E20216-858B-4E89-913C-FB08201A18F6} = {2C48825B-BFB0-42D4-89AB-2C084B4B5008}
		{E1101DA4-C8F8-479B-B284-1C3F805F4B67} = {8844D797-648C-4FEC-8FE1-7E6EAB1DFCFF}
		{B090A5AF-8F09-41CE-935C-1236D251F211} = {8844D797-648C-4FEC-8FE1-7E6EAB1DFCFF}
		{CD170119-645C-4ACA-AB26-CCA8A21D12B5} = {8844D797-648C-4FEC-8FE1-7E6EAB1DFCFF}
		{84FC33A3-9797-447E-8BB9-03FF61ED5175} = {8844D797-648C-4FEC-8FE1-7E6EAB1DFCFF}
		{B2FA44D2-2DFE-4356-B4FE-7F5D7A9F8341} = {8844D797-648C-4FEC-8FE1-7E6EAB1DFCFF}
		{8844D797-648C-4FEC-8FE1-7E6EAB1DFCFF} = {2C48825B-BFB0-42D4-89AB-2C084B4B5008}
		{6A6377DE-1B47-46E2-9F1A-CE63DA7A8FFA} = {3E29469D-BD77-457B-AD00-DA1BAC1440DB}
		{4ED163AB-7DB5-4E7A-B9E2-ECB4E87B6A96} = {3E29469D-BD77-457B-AD00-DA1BAC1440DB}
		{2EC73B76-2525-4543-BB10-3CBD1A4B8033} = {3E29469D-BD77-457B-AD00-DA1BAC1440DB}
		{88332954-BC60-4653-B8BE-BC18D39DDE7A} = {3E29469D-BD77-457B-AD00-DA1BAC1440DB}
		{CCCA21D1-13B4-426B-A16A-D997B7159462} = {3E29469D-BD77-457B-AD00-DA1BAC1440DB}
		{98177BEC-FC79-3C1B-409D-50D21355EBF2} = {74208F59-5EB3-4D04-810B-2BC54D04780C}
		{023C39C6-C79D-23D3-D81A-B87AD671CCEE} = {74208F59-5EB3-4D04-810B-2BC54D04780C}
		{6681453C-68C0-5CAB-892A-DCA0BA0CB218} = {74208F59-5EB3-4D04-810B-2BC54D04780C}
		{65045535-E58F-4E19-AE42-06691451CFFF} = {A4895304-B54C-450F-A664-424E86806C3E}
		{EB4F7117-8724-43DB-9118-21D4035A1104} = {65045535-E58F-4E19-AE42-06691451CFFF}
		{4922D958-470B-2CE6-AC1E-A52CE8B7242E} = {A4895304-B54C-450F-A664-424E86806C3E}
		{8FE42C7E-87AC-4519-8173-DAC454F9BBD7} = {4922D958-470B-2CE6-AC1E-A52CE8B7242E}
		{CC898937-F06F-1C29-5A93-42D1EB415447} = {A4895304-B54C-450F-A664-424E86806C3E}
		{9894BB49-D6A6-4549-8314-17472A585264} = {CC898937-F06F-1C29-5A93-42D1EB415447}
		{71F0C8A2-42B0-4E94-AD39-45A7FD95A220} = {CC898937-F06F-1C29-5A93-42D1EB415447}
		{E3017B68-3417-DBFB-50F4-6B5381CB6AD8} = {A4895304-B54C-450F-A664-424E86806C3E}
		{7F5FEC0D-360A-4508-9014-043F1225E707} = {CC898937-F06F-1C29-5A93-42D1EB415447}
		{12C1D535-AD08-45BA-8C25-1BA196D9DCAE} = {07C2787E-EAC7-C090-1BA3-A61EC2A24D84}
		{A59A433A-A48F-4540-B24F-7BFCF97BEFAC} = {CC898937-F06F-1C29-5A93-42D1EB415447}
		{3CE7FC71-7642-4EAF-8A8D-0E9D0798E545} = {07C2787E-EAC7-C090-1BA3-A61EC2A24D84}
		{389EAF76-1707-D3EA-3A9F-2B39542128DA} = {A4895304-B54C-450F-A664-424E86806C3E}
		{B36D6588-187E-47BD-A0AE-3E701F7EE4EF} = {389EAF76-1707-D3EA-3A9F-2B39542128DA}
		{AA9B7B89-5BDC-4BAF-BF6A-DC5856B280F5} = {389EAF76-1707-D3EA-3A9F-2B39542128DA}
	EndGlobalSection
	GlobalSection(ExtensibilityGlobals) = postSolution
		SolutionGuid = {D03E7E8F-EA84-459E-B830-B223FCCF8D5C}
	EndGlobalSection
EndGlobal
