
Microsoft Visual Studio Solution File, Format Version 12.00
# Visual Studio Version 18
VisualStudioVersion = 18.0.11205.157
MinimumVisualStudioVersion = 10.0.40219.1
Project("{2150E333-8FDC-42A3-9474-1A3956D46DE8}") = "src", "src", "{A4895304-B54C-450F-A664-424E86806C3E}"
EndProject
Project("{2150E333-8FDC-42A3-9474-1A3956D46DE8}") = "AdminPanel", "AdminPanel", "{BF23EE77-9F54-403A-80F4-9619258DE816}"
EndProject
Project("{FAE04EC0-301F-11D3-BF4B-00C04F79EFBC}") = "Hyper.AdminPanel.Domain", "src\AdminPanel\Hyper.AdminPanel.Domain\Hyper.AdminPanel.Domain.csproj", "{E08CD21F-FF3E-49C8-AB17-8138D6A26668}"
EndProject
Project("{FAE04EC0-301F-11D3-BF4B-00C04F79EFBC}") = "Hyper.AdminPanel.Web", "src\AdminPanel\Hyper.AdminPanel.Web\Hyper.AdminPanel.Web.csproj", "{52A71673-74A8-46DF-A647-A44CEE52FAE6}"
EndProject
Project("{2150E333-8FDC-42A3-9474-1A3956D46DE8}") = "1-Core", "1-Core", "{74208F59-5EB3-4D04-810B-2BC54D04780C}"
EndProject
Project("{2150E333-8FDC-42A3-9474-1A3956D46DE8}") = "Neo", "Neo", "{2C48825B-BFB0-42D4-89AB-2C084B4B5008}"
EndProject
Project("{FAE04EC0-301F-11D3-BF4B-00C04F79EFBC}") = "Neo.Common", "..\..\Neo\src\Neo.Common\Neo.Common.csproj", "{11872E0D-E647-4282-9B5C-E50E85E89019}"
EndProject
Project("{FAE04EC0-301F-11D3-BF4B-00C04F79EFBC}") = "Neo.Domain", "..\..\Neo\src\Neo.Domain\Neo.Domain.csproj", "{BB9AC0F5-CC02-4A80-A865-E64F2C69E749}"
EndProject
Project("{FAE04EC0-301F-11D3-BF4B-00C04F79EFBC}") = "Neo.Application", "..\..\Neo\src\Neo.Application\Neo.Application.csproj", "{4EC34128-F8E9-4E9E-BB95-67B7DC5AE8C0}"
EndProject
Project("{FAE04EC0-301F-11D3-BF4B-00C04F79EFBC}") = "Neo.Infrastructure", "..\..\Neo\src\Neo.Infrastructure\Neo.Infrastructure.csproj", "{D7E60AB4-81D6-425A-A4B2-52269F7FB463}"
EndProject
Project("{FAE04EC0-301F-11D3-BF4B-00C04F79EFBC}") = "Neo.Endpoint", "..\..\Neo\src\Neo.Endpoint\Neo.Endpoint.csproj", "{1A6B66D6-A340-480A-BCC3-884EB057EA12}"
EndProject
Project("{2150E333-8FDC-42A3-9474-1A3956D46DE8}") = "Neo.Bpms", "Neo.Bpms", "{4B4F024B-7CF7-4ECA-A7BC-5288AFF42D4F}"
EndProject
Project("{FAE04EC0-301F-11D3-BF4B-00C04F79EFBC}") = "Neo.Bpms.Domain", "..\..\Neo-Bpms\src\Neo.Bpms.Domain\Neo.Bpms.Domain.csproj", "{A5D1A70F-3837-4DA4-9155-C6E76FA7D27A}"
EndProject
Project("{FAE04EC0-301F-11D3-BF4B-00C04F79EFBC}") = "Neo.Bpms.Application", "..\..\Neo-Bpms\src\Neo.Bpms.Application\Neo.Bpms.Application.csproj", "{076D9236-4D7A-44DF-9F8D-7C9FF0EB5D59}"
EndProject
Project("{FAE04EC0-301F-11D3-BF4B-00C04F79EFBC}") = "Neo.Bpms.Infrastructure", "..\..\Neo-Bpms\src\Neo.Bpms.Infrastructure\Neo.Bpms.Infrastructure.csproj", "{BE67EF5B-D3A7-4114-A4E0-FD783C63D90F}"
EndProject
Project("{FAE04EC0-301F-11D3-BF4B-00C04F79EFBC}") = "Neo.Bpms.UI.MVC", "..\..\Neo-Bpms\src\Neo.Bpms.UI.MVC\Neo.Bpms.UI.MVC.csproj", "{DB8B2D82-D591-40A6-AF2E-AC1DC043CBB1}"
EndProject
Project("{FAE04EC0-301F-11D3-BF4B-00C04F79EFBC}") = "Neo.Bpms.UI.Resources", "..\..\Neo-Bpms\src\Neo.Bpms.UI.Resources\Neo.Bpms.UI.Resources.csproj", "{BE3CA46B-7D0B-4098-A53A-2D678DE99BB6}"
EndProject
Project("{FAE04EC0-301F-11D3-BF4B-00C04F79EFBC}") = "Neo.Bpms.UI.MVC.Tests", "..\..\Neo-Bpms\tests\Neo.Bpms.UI.MVC.Tests\Neo.Bpms.UI.MVC.Tests.csproj", "{F80641D3-BAB6-4AA2-A1FA-B324B74E444C}"
EndProject
Project("{2150E333-8FDC-42A3-9474-1A3956D46DE8}") = "tests", "tests", "{D683F10F-587B-4CFA-89C2-7B10C3D67C60}"
EndProject
Project("{FAE04EC0-301F-11D3-BF4B-00C04F79EFBC}") = "Neo.Common.Tests", "..\..\Neo\tests\Neo.Common.Tests\Neo.Common.Tests.csproj", "{E1101DA4-C8F8-479B-B284-1C3F805F4B67}"
EndProject
Project("{FAE04EC0-301F-11D3-BF4B-00C04F79EFBC}") = "Neo.Domain.Tests", "..\..\Neo\tests\Neo.Domain.Tests\Neo.Domain.Tests.csproj", "{B090A5AF-8F09-41CE-935C-1236D251F211}"
EndProject
Project("{FAE04EC0-301F-11D3-BF4B-00C04F79EFBC}") = "Neo.Application.Tests", "..\..\Neo\tests\Neo.Application.Tests\Neo.Application.Tests.csproj", "{CD170119-645C-4ACA-AB26-CCA8A21D12B5}"
EndProject
Project("{FAE04EC0-301F-11D3-BF4B-00C04F79EFBC}") = "Neo.Infrastructure.IntegrationTests", "..\..\Neo\tests\Neo.Infrastructure.IntegrationTests\Neo.Infrastructure.IntegrationTests.csproj", "{84FC33A3-9797-447E-8BB9-03FF61ED5175}"
EndProject
Project("{FAE04EC0-301F-11D3-BF4B-00C04F79EFBC}") = "Neo.Endpoint.IntegrationTests", "..\..\Neo\tests\Neo.Endpoint.IntegrationTests\Neo.Endpoint.IntegrationTests.csproj", "{B2FA44D2-2DFE-4356-B4FE-7F5D7A9F8341}"
EndProject
Project("{FAE04EC0-301F-11D3-BF4B-00C04F79EFBC}") = "Neo.Bpms.Infrastructure.Tests", "..\..\Neo-Bpms\tests\Neo.Bpms.Infrastructure.Tests\Neo.Bpms.Infrastructure.Tests.csproj", "{3A68B513-3CAD-4E81-A598-1A291D02CF95}"
EndProject
Project("{2150E333-8FDC-42A3-9474-1A3956D46DE8}") = "tests", "tests", "{8844D797-648C-4FEC-8FE1-7E6EAB1DFCFF}"
EndProject
Project("{FAE04EC0-301F-11D3-BF4B-00C04F79EFBC}") = "Hyper.Domain", "src\Core\Hyper.Domain\Hyper.Domain.csproj", "{98177BEC-FC79-3C1B-409D-50D21355EBF2}"
EndProject
Project("{FAE04EC0-301F-11D3-BF4B-00C04F79EFBC}") = "Hyper.Application", "src\Core\Hyper.Application\Hyper.Application.csproj", "{023C39C6-C79D-23D3-D81A-B87AD671CCEE}"
EndProject
Project("{FAE04EC0-301F-11D3-BF4B-00C04F79EFBC}") = "Hyper.Infrastructure", "src\Core\Hyper.Infrastructure\Hyper.Infrastructure.csproj", "{6681453C-68C0-5CAB-892A-DCA0BA0CB218}"
EndProject
Project("{FAE04EC0-301F-11D3-BF4B-00C04F79EFBC}") = "Neo.Bpms.Api", "..\..\Neo-Bpms\src\Neo.Bpms.Api\Neo.Bpms.Api.csproj", "{90BC85BB-518D-6B9C-2DDD-97FB09E234B3}"
EndProject
Project("{2150E333-8FDC-42A3-9474-1A3956D46DE8}") = "IntegrationWorker", "IntegrationWorker", "{3F002C5C-8B4C-D18D-30A3-561ED944F40D}"
EndProject
Project("{FAE04EC0-301F-11D3-BF4B-00C04F79EFBC}") = "Hyper.IntegrationWorker.Host", "src\IntegrationWorker\Hyper.IntegrationWorker.Host\Hyper.IntegrationWorker.Host.csproj", "{FC7FB82B-9F56-48CA-A76C-436F5D8D3892}"
EndProject
Project("{FAE04EC0-301F-11D3-BF4B-00C04F79EFBC}") = "Hyper.IntegrationWorker.Application", "src\IntegrationWorker\Hyper.IntegrationWorker.Application\Hyper.IntegrationWorker.Application.csproj", "{7153CFDD-537C-4DA4-A8AA-D37863A55BDE}"
EndProject
Project("{2150E333-8FDC-42A3-9474-1A3956D46DE8}") = "SDK", "SDK", "{4922D958-470B-2CE6-AC1E-A52CE8B7242E}"
EndProject
Project("{FAE04EC0-301F-11D3-BF4B-00C04F79EFBC}") = "Hyper.SDK", "src\SDK\Hyper.SDK.csproj", "{198BCE25-4654-414A-8C59-E07A632651B1}"
EndProject
Project("{2150E333-8FDC-42A3-9474-1A3956D46DE8}") = "Demo", "Demo", "{07A492D0-EBA3-CA1F-A113-E86330B8BCC8}"
EndProject
Project("{FAE04EC0-301F-11D3-BF4B-00C04F79EFBC}") = "BasalamSandbox", "src\Demo\BasalamSandbox\BasalamSandbox.csproj", "{CC9173DA-DD4A-4968-BA26-AF736371E5F6}"
EndProject
Project("{2150E333-8FDC-42A3-9474-1A3956D46DE8}") = "Integration", "Integration", "{CC898937-F06F-1C29-5A93-42D1EB415447}"
EndProject
Project("{FAE04EC0-301F-11D3-BF4B-00C04F79EFBC}") = "Hyper.Integration.Contracts", "src\Integration\Hyper.Integration.Contracts\Hyper.Integration.Contracts.csproj", "{F91323E1-8601-405D-A0D4-E0B2E3D52D42}"
EndProject
Project("{FAE04EC0-301F-11D3-BF4B-00C04F79EFBC}") = "Hyper.Integration.Api", "src\Integration\Hyper.Integration.Api\Hyper.Integration.Api.csproj", "{138CE42E-B6A9-4D8A-B145-54BD1C725147}"
EndProject
Project("{2150E333-8FDC-42A3-9474-1A3956D46DE8}") = "Core", "Core", "{E3017B68-3417-DBFB-50F4-6B5381CB6AD8}"
EndProject
Project("{FAE04EC0-301F-11D3-BF4B-00C04F79EFBC}") = "Hyper.Integration.Domain", "src\Integration\Hyper.Integration.Domain\Hyper.Integration.Domain.csproj", "{F285A103-CDAF-450C-9B46-7D416BC606CA}"
EndProject
Project("{2150E333-8FDC-42A3-9474-1A3956D46DE8}") = "tools", "tools", "{07C2787E-EAC7-C090-1BA3-A61EC2A24D84}"
EndProject
Project("{FAE04EC0-301F-11D3-BF4B-00C04F79EFBC}") = "IntegrationDomainChecks", "tools\IntegrationDomainChecks\IntegrationDomainChecks.csproj", "{23C5FB7D-889D-4FF6-90A1-505978C75A83}"
EndProject
Project("{FAE04EC0-301F-11D3-BF4B-00C04F79EFBC}") = "Hyper.Integration.Infrastructure", "src\Integration\Hyper.Integration.Infrastructure\Hyper.Integration.Infrastructure.csproj", "{066A67D0-B564-4AE3-BBA7-E20E425CAAE3}"
EndProject
Project("{FAE04EC0-301F-11D3-BF4B-00C04F79EFBC}") = "IntegrationSchemaProvisioner", "tools\IntegrationSchemaProvisioner\IntegrationSchemaProvisioner.csproj", "{97FB2F77-4B7E-40EA-AF34-B4E11BD60314}"
EndProject
Project("{2150E333-8FDC-42A3-9474-1A3956D46DE8}") = "Platform", "Platform", "{389EAF76-1707-D3EA-3A9F-2B39542128DA}"
EndProject
Project("{FAE04EC0-301F-11D3-BF4B-00C04F79EFBC}") = "Hyperyek.Accounting.Contracts", "src\Platform\Hyperyek.Accounting.Contracts\Hyperyek.Accounting.Contracts.csproj", "{9628601D-127E-4DD3-9264-C89E44C42685}"
EndProject
Project("{FAE04EC0-301F-11D3-BF4B-00C04F79EFBC}") = "Hyperyek.Accounting.Api", "src\Platform\Hyperyek.Accounting.Api\Hyperyek.Accounting.Api.csproj", "{1CBA96A3-CDB1-450C-8966-D004C73B5779}"
EndProject
Global
	GlobalSection(SolutionConfigurationPlatforms) = preSolution
		Debug|Any CPU = Debug|Any CPU
		Debug|x64 = Debug|x64
		Debug|x86 = Debug|x86
		Release|Any CPU = Release|Any CPU
		Release|x64 = Release|x64
		Release|x86 = Release|x86
	EndGlobalSection
	GlobalSection(ProjectConfigurationPlatforms) = postSolution
		{E08CD21F-FF3E-49C8-AB17-8138D6A26668}.Debug|Any CPU.ActiveCfg = Debug|Any CPU
		{E08CD21F-FF3E-49C8-AB17-8138D6A26668}.Debug|Any CPU.Build.0 = Debug|Any CPU
		{E08CD21F-FF3E-49C8-AB17-8138D6A26668}.Debug|x64.ActiveCfg = Debug|Any CPU
		{E08CD21F-FF3E-49C8-AB17-8138D6A26668}.Debug|x64.Build.0 = Debug|Any CPU
		{E08CD21F-FF3E-49C8-AB17-8138D6A26668}.Debug|x86.ActiveCfg = Debug|Any CPU
		{E08CD21F-FF3E-49C8-AB17-8138D6A26668}.Debug|x86.Build.0 = Debug|Any CPU
		{E08CD21F-FF3E-49C8-AB17-8138D6A26668}.Release|Any CPU.ActiveCfg = Release|Any CPU
		{E08CD21F-FF3E-49C8-AB17-8138D6A26668}.Release|Any CPU.Build.0 = Release|Any CPU
		{E08CD21F-FF3E-49C8-AB17-8138D6A26668}.Release|x64.ActiveCfg = Release|Any CPU
		{E08CD21F-FF3E-49C8-AB17-8138D6A26668}.Release|x64.Build.0 = Release|Any CPU
		{E08CD21F-FF3E-49C8-AB17-8138D6A26668}.Release|x86.ActiveCfg = Release|Any CPU
		{E08CD21F-FF3E-49C8-AB17-8138D6A26668}.Release|x86.Build.0 = Release|Any CPU
		{52A71673-74A8-46DF-A647-A44CEE52FAE6}.Debug|Any CPU.ActiveCfg = Debug|Any CPU
		{52A71673-74A8-46DF-A647-A44CEE52FAE6}.Debug|Any CPU.Build.0 = Debug|Any CPU
		{52A71673-74A8-46DF-A647-A44CEE52FAE6}.Debug|x64.ActiveCfg = Debug|Any CPU
		{52A71673-74A8-46DF-A647-A44CEE52FAE6}.Debug|x64.Build.0 = Debug|Any CPU
		{52A71673-74A8-46DF-A647-A44CEE52FAE6}.Debug|x86.ActiveCfg = Debug|Any CPU
		{52A71673-74A8-46DF-A647-A44CEE52FAE6}.Debug|x86.Build.0 = Debug|Any CPU
		{52A71673-74A8-46DF-A647-A44CEE52FAE6}.Release|Any CPU.ActiveCfg = Release|Any CPU
		{52A71673-74A8-46DF-A647-A44CEE52FAE6}.Release|Any CPU.Build.0 = Release|Any CPU
		{52A71673-74A8-46DF-A647-A44CEE52FAE6}.Release|x64.ActiveCfg = Release|Any CPU
		{52A71673-74A8-46DF-A647-A44CEE52FAE6}.Release|x64.Build.0 = Release|Any CPU
		{52A71673-74A8-46DF-A647-A44CEE52FAE6}.Release|x86.ActiveCfg = Release|Any CPU
		{52A71673-74A8-46DF-A647-A44CEE52FAE6}.Release|x86.Build.0 = Release|Any CPU
		{11872E0D-E647-4282-9B5C-E50E85E89019}.Debug|Any CPU.ActiveCfg = Debug|Any CPU
		{11872E0D-E647-4282-9B5C-E50E85E89019}.Debug|Any CPU.Build.0 = Debug|Any CPU
		{11872E0D-E647-4282-9B5C-E50E85E89019}.Debug|x64.ActiveCfg = Debug|Any CPU
		{11872E0D-E647-4282-9B5C-E50E85E89019}.Debug|x64.Build.0 = Debug|Any CPU
		{11872E0D-E647-4282-9B5C-E50E85E89019}.Debug|x86.ActiveCfg = Debug|Any CPU
		{11872E0D-E647-4282-9B5C-E50E85E89019}.Debug|x86.Build.0 = Debug|Any CPU
		{11872E0D-E647-4282-9B5C-E50E85E89019}.Release|Any CPU.ActiveCfg = Release|Any CPU
		{11872E0D-E647-4282-9B5C-E50E85E89019}.Release|Any CPU.Build.0 = Release|Any CPU
		{11872E0D-E647-4282-9B5C-E50E85E89019}.Release|x64.ActiveCfg = Release|Any CPU
		{11872E0D-E647-4282-9B5C-E50E85E89019}.Release|x64.Build.0 = Release|Any CPU
		{11872E0D-E647-4282-9B5C-E50E85E89019}.Release|x86.ActiveCfg = Release|Any CPU
		{11872E0D-E647-4282-9B5C-E50E85E89019}.Release|x86.Build.0 = Release|Any CPU
		{BB9AC0F5-CC02-4A80-A865-E64F2C69E749}.Debug|Any CPU.ActiveCfg = Debug|Any CPU
		{BB9AC0F5-CC02-4A80-A865-E64F2C69E749}.Debug|Any CPU.Build.0 = Debug|Any CPU
		{BB9AC0F5-CC02-4A80-A865-E64F2C69E749}.Debug|x64.ActiveCfg = Debug|Any CPU
		{BB9AC0F5-CC02-4A80-A865-E64F2C69E749}.Debug|x64.Build.0 = Debug|Any CPU
		{BB9AC0F5-CC02-4A80-A865-E64F2C69E749}.Debug|x86.ActiveCfg = Debug|Any CPU
		{BB9AC0F5-CC02-4A80-A865-E64F2C69E749}.Debug|x86.Build.0 = Debug|Any CPU
		{BB9AC0F5-CC02-4A80-A865-E64F2C69E749}.Release|Any CPU.ActiveCfg = Release|Any CPU
		{BB9AC0F5-CC02-4A80-A865-E64F2C69E749}.Release|Any CPU.Build.0 = Release|Any CPU
		{BB9AC0F5-CC02-4A80-A865-E64F2C69E749}.Release|x64.ActiveCfg = Release|Any CPU
		{BB9AC0F5-CC02-4A80-A865-E64F2C69E749}.Release|x64.Build.0 = Release|Any CPU
		{BB9AC0F5-CC02-4A80-A865-E64F2C69E749}.Release|x86.ActiveCfg = Release|Any CPU
		{BB9AC0F5-CC02-4A80-A865-E64F2C69E749}.Release|x86.Build.0 = Release|Any CPU
		{4EC34128-F8E9-4E9E-BB95-67B7DC5AE8C0}.Debug|Any CPU.ActiveCfg = Debug|Any CPU
		{4EC34128-F8E9-4E9E-BB95-67B7DC5AE8C0}.Debug|Any CPU.Build.0 = Debug|Any CPU
		{4EC34128-F8E9-4E9E-BB95-67B7DC5AE8C0}.Debug|x64.ActiveCfg = Debug|Any CPU
		{4EC34128-F8E9-4E9E-BB95-67B7DC5AE8C0}.Debug|x64.Build.0 = Debug|Any CPU
		{4EC34128-F8E9-4E9E-BB95-67B7DC5AE8C0}.Debug|x86.ActiveCfg = Debug|Any CPU
		{4EC34128-F8E9-4E9E-BB95-67B7DC5AE8C0}.Debug|x86.Build.0 = Debug|Any CPU
		{4EC34128-F8E9-4E9E-BB95-67B7DC5AE8C0}.Release|Any CPU.ActiveCfg = Release|Any CPU
		{4EC34128-F8E9-4E9E-BB95-67B7DC5AE8C0}.Release|Any CPU.Build.0 = Release|Any CPU
		{4EC34128-F8E9-4E9E-BB95-67B7DC5AE8C0}.Release|x64.ActiveCfg = Release|Any CPU
		{4EC34128-F8E9-4E9E-BB95-67B7DC5AE8C0}.Release|x64.Build.0 = Release|Any CPU
		{4EC34128-F8E9-4E9E-BB95-67B7DC5AE8C0}.Release|x86.ActiveCfg = Release|Any CPU
		{4EC34128-F8E9-4E9E-BB95-67B7DC5AE8C0}.Release|x86.Build.0 = Release|Any CPU
		{D7E60AB4-81D6-425A-A4B2-52269F7FB463}.Debug|Any CPU.ActiveCfg = Debug|Any CPU
		{D7E60AB4-81D6-425A-A4B2-52269F7FB463}.Debug|Any CPU.Build.0 = Debug|Any CPU
		{D7E60AB4-81D6-425A-A4B2-52269F7FB463}.Debug|x64.ActiveCfg = Debug|Any CPU
		{D7E60AB4-81D6-425A-A4B2-52269F7FB463}.Debug|x64.Build.0 = Debug|Any CPU
		{D7E60AB4-81D6-425A-A4B2-52269F7FB463}.Debug|x86.ActiveCfg = Debug|Any CPU
		{D7E60AB4-81D6-425A-A4B2-52269F7FB463}.Debug|x86.Build.0 = Debug|Any CPU
		{D7E60AB4-81D6-425A-A4B2-52269F7FB463}.Release|Any CPU.ActiveCfg = Release|Any CPU
		{D7E60AB4-81D6-425A-A4B2-52269F7FB463}.Release|Any CPU.Build.0 = Release|Any CPU
		{D7E60AB4-81D6-425A-A4B2-52269F7FB463}.Release|x64.ActiveCfg = Release|Any CPU
		{D7E60AB4-81D6-425A-A4B2-52269F7FB463}.Release|x64.Build.0 = Release|Any CPU
		{D7E60AB4-81D6-425A-A4B2-52269F7FB463}.Release|x86.ActiveCfg = Release|Any CPU
		{D7E60AB4-81D6-425A-A4B2-52269F7FB463}.Release|x86.Build.0 = Release|Any CPU
		{1A6B66D6-A340-480A-BCC3-884EB057EA12}.Debug|Any CPU.ActiveCfg = Debug|Any CPU
		{1A6B66D6-A340-480A-BCC3-884EB057EA12}.Debug|Any CPU.Build.0 = Debug|Any CPU
		{1A6B66D6-A340-480A-BCC3-884EB057EA12}.Debug|x64.ActiveCfg = Debug|Any CPU
		{1A6B66D6-A340-480A-BCC3-884EB057EA12}.Debug|x64.Build.0 = Debug|Any CPU
		{1A6B66D6-A340-480A-BCC3-884EB057EA12}.Debug|x86.ActiveCfg = Debug|Any CPU
		{1A6B66D6-A340-480A-BCC3-884EB057EA12}.Debug|x86.Build.0 = Debug|Any CPU
		{1A6B66D6-A340-480A-BCC3-884EB057EA12}.Release|Any CPU.ActiveCfg = Release|Any CPU
		{1A6B66D6-A340-480A-BCC3-884EB057EA12}.Release|Any CPU.Build.0 = Release|Any CPU
		{1A6B66D6-A340-480A-BCC3-884EB057EA12}.Release|x64.ActiveCfg = Release|Any CPU
		{1A6B66D6-A340-480A-BCC3-884EB057EA12}.Release|x64.Build.0 = Release|Any CPU
		{1A6B66D6-A340-480A-BCC3-884EB057EA12}.Release|x86.ActiveCfg = Release|Any CPU
		{1A6B66D6-A340-480A-BCC3-884EB057EA12}.Release|x86.Build.0 = Release|Any CPU
		{A5D1A70F-3837-4DA4-9155-C6E76FA7D27A}.Debug|Any CPU.ActiveCfg = Debug|Any CPU
		{A5D1A70F-3837-4DA4-9155-C6E76FA7D27A}.Debug|Any CPU.Build.0 = Debug|Any CPU
		{A5D1A70F-3837-4DA4-9155-C6E76FA7D27A}.Debug|x64.ActiveCfg = Debug|Any CPU
		{A5D1A70F-3837-4DA4-9155-C6E76FA7D27A}.Debug|x64.Build.0 = Debug|Any CPU
		{A5D1A70F-3837-4DA4-9155-C6E76FA7D27A}.Debug|x86.ActiveCfg = Debug|Any CPU
		{A5D1A70F-3837-4DA4-9155-C6E76FA7D27A}.Debug|x86.Build.0 = Debug|Any CPU
		{A5D1A70F-3837-4DA4-9155-C6E76FA7D27A}.Release|Any CPU.ActiveCfg = Release|Any CPU
		{A5D1A70F-3837-4DA4-9155-C6E76FA7D27A}.Release|Any CPU.Build.0 = Release|Any CPU
		{A5D1A70F-3837-4DA4-9155-C6E76FA7D27A}.Release|x64.ActiveCfg = Release|Any CPU
		{A5D1A70F-3837-4DA4-9155-C6E76FA7D27A}.Release|x64.Build.0 = Release|Any CPU
		{A5D1A70F-3837-4DA4-9155-C6E76FA7D27A}.Release|x86.ActiveCfg = Release|Any CPU
		{A5D1A70F-3837-4DA4-9155-C6E76FA7D27A}.Release|x86.Build.0 = Release|Any CPU
		{076D9236-4D7A-44DF-9F8D-7C9FF0EB5D59}.Debug|Any CPU.ActiveCfg = Debug|Any CPU
		{076D9236-4D7A-44DF-9F8D-7C9FF0EB5D59}.Debug|Any CPU.Build.0 = Debug|Any CPU
		{076D9236-4D7A-44DF-9F8D-7C9FF0EB5D59}.Debug|x64.ActiveCfg = Debug|Any CPU
		{076D9236-4D7A-44DF-9F8D-7C9FF0EB5D59}.Debug|x64.Build.0 = Debug|Any CPU
		{076D9236-4D7A-44DF-9F8D-7C9FF0EB5D59}.Debug|x86.ActiveCfg = Debug|Any CPU
		{076D9236-4D7A-44DF-9F8D-7C9FF0EB5D59}.Debug|x86.Build.0 = Debug|Any CPU
		{076D9236-4D7A-44DF-9F8D-7C9FF0EB5D59}.Release|Any CPU.ActiveCfg = Release|Any CPU
		{076D9236-4D7A-44DF-9F8D-7C9FF0EB5D59}.Release|Any CPU.Build.0 = Release|Any CPU
		{076D9236-4D7A-44DF-9F8D-7C9FF0EB5D59}.Release|x64.ActiveCfg = Release|Any CPU
		{076D9236-4D7A-44DF-9F8D-7C9FF0EB5D59}.Release|x64.Build.0 = Release|Any CPU
		{076D9236-4D7A-44DF-9F8D-7C9FF0EB5D59}.Release|x86.ActiveCfg = Release|Any CPU
		{076D9236-4D7A-44DF-9F8D-7C9FF0EB5D59}.Release|x86.Build.0 = Release|Any CPU
		{BE67EF5B-D3A7-4114-A4E0-FD783C63D90F}.Debug|Any CPU.ActiveCfg = Debug|Any CPU
		{BE67EF5B-D3A7-4114-A4E0-FD783C63D90F}.Debug|Any CPU.Build.0 = Debug|Any CPU
		{BE67EF5B-D3A7-4114-A4E0-FD783C63D90F}.Debug|x64.ActiveCfg = Debug|Any CPU
		{BE67EF5B-D3A7-4114-A4E0-FD783C63D90F}.Debug|x64.Build.0 = Debug|Any CPU
		{BE67EF5B-D3A7-4114-A4E0-FD783C63D90F}.Debug|x86.ActiveCfg = Debug|Any CPU
		{BE67EF5B-D3A7-4114-A4E0-FD783C63D90F}.Debug|x86.Build.0 = Debug|Any CPU
		{BE67EF5B-D3A7-4114-A4E0-FD783C63D90F}.Release|Any CPU.ActiveCfg = Release|Any CPU
		{BE67EF5B-D3A7-4114-A4E0-FD783C63D90F}.Release|Any CPU.Build.0 = Release|Any CPU
		{BE67EF5B-D3A7-4114-A4E0-FD783C63D90F}.Release|x64.ActiveCfg = Release|Any CPU
		{BE67EF5B-D3A7-4114-A4E0-FD783C63D90F}.Release|x64.Build.0 = Release|Any CPU
		{BE67EF5B-D3A7-4114-A4E0-FD783C63D90F}.Release|x86.ActiveCfg = Release|Any CPU
		{BE67EF5B-D3A7-4114-A4E0-FD783C63D90F}.Release|x86.Build.0 = Release|Any CPU
		{DB8B2D82-D591-40A6-AF2E-AC1DC043CBB1}.Debug|Any CPU.ActiveCfg = Debug|Any CPU
		{DB8B2D82-D591-40A6-AF2E-AC1DC043CBB1}.Debug|Any CPU.Build.0 = Debug|Any CPU
		{DB8B2D82-D591-40A6-AF2E-AC1DC043CBB1}.Debug|x64.ActiveCfg = Debug|Any CPU
		{DB8B2D82-D591-40A6-AF2E-AC1DC043CBB1}.Debug|x64.Build.0 = Debug|Any CPU
		{DB8B2D82-D591-40A6-AF2E-AC1DC043CBB1}.Debug|x86.ActiveCfg = Debug|Any CPU
		{DB8B2D82-D591-40A6-AF2E-AC1DC043CBB1}.Debug|x86.Build.0 = Debug|Any CPU
		{DB8B2D82-D591-40A6-AF2E-AC1DC043CBB1}.Release|Any CPU.ActiveCfg = Release|Any CPU
		{DB8B2D82-D591-40A6-AF2E-AC1DC043CBB1}.Release|Any CPU.Build.0 = Release|Any CPU
		{DB8B2D82-D591-40A6-AF2E-AC1DC043CBB1}.Release|x64.ActiveCfg = Release|Any CPU
		{DB8B2D82-D591-40A6-AF2E-AC1DC043CBB1}.Release|x64.Build.0 = Release|Any CPU
		{DB8B2D82-D591-40A6-AF2E-AC1DC043CBB1}.Release|x86.ActiveCfg = Release|Any CPU
		{DB8B2D82-D591-40A6-AF2E-AC1DC043CBB1}.Release|x86.Build.0 = Release|Any CPU
		{BE3CA46B-7D0B-4098-A53A-2D678DE99BB6}.Debug|Any CPU.ActiveCfg = Debug|Any CPU
		{BE3CA46B-7D0B-4098-A53A-2D678DE99BB6}.Debug|Any CPU.Build.0 = Debug|Any CPU
		{BE3CA46B-7D0B-4098-A53A-2D678DE99BB6}.Debug|x64.ActiveCfg = Debug|Any CPU
		{BE3CA46B-7D0B-4098-A53A-2D678DE99BB6}.Debug|x64.Build.0 = Debug|Any CPU
		{BE3CA46B-7D0B-4098-A53A-2D678DE99BB6}.Debug|x86.ActiveCfg = Debug|Any CPU
		{BE3CA46B-7D0B-4098-A53A-2D678DE99BB6}.Debug|x86.Build.0 = Debug|Any CPU
		{BE3CA46B-7D0B-4098-A53A-2D678DE99BB6}.Release|Any CPU.ActiveCfg = Release|Any CPU
		{BE3CA46B-7D0B-4098-A53A-2D678DE99BB6}.Release|Any CPU.Build.0 = Release|Any CPU
		{BE3CA46B-7D0B-4098-A53A-2D678DE99BB6}.Release|x64.ActiveCfg = Release|Any CPU
		{BE3CA46B-7D0B-4098-A53A-2D678DE99BB6}.Release|x64.Build.0 = Release|Any CPU
		{BE3CA46B-7D0B-4098-A53A-2D678DE99BB6}.Release|x86.ActiveCfg = Release|Any CPU
		{BE3CA46B-7D0B-4098-A53A-2D678DE99BB6}.Release|x86.Build.0 = Release|Any CPU
		{F80641D3-BAB6-4AA2-A1FA-B324B74E444C}.Debug|Any CPU.ActiveCfg = Debug|Any CPU
		{F80641D3-BAB6-4AA2-A1FA-B324B74E444C}.Debug|Any CPU.Build.0 = Debug|Any CPU
		{F80641D3-BAB6-4AA2-A1FA-B324B74E444C}.Debug|x64.ActiveCfg = Debug|Any CPU
		{F80641D3-BAB6-4AA2-A1FA-B324B74E444C}.Debug|x64.Build.0 = Debug|Any CPU
		{F80641D3-BAB6-4AA2-A1FA-B324B74E444C}.Debug|x86.ActiveCfg = Debug|Any CPU
		{F80641D3-BAB6-4AA2-A1FA-B324B74E444C}.Debug|x86.Build.0 = Debug|Any CPU
		{F80641D3-BAB6-4AA2-A1FA-B324B74E444C}.Release|Any CPU.ActiveCfg = Release|Any CPU
		{F80641D3-BAB6-4AA2-A1FA-B324B74E444C}.Release|Any CPU.Build.0 = Release|Any CPU
		{F80641D3-BAB6-4AA2-A1FA-B324B74E444C}.Release|x64.ActiveCfg = Release|Any CPU
		{F80641D3-BAB6-4AA2-A1FA-B324B74E444C}.Release|x64.Build.0 = Release|Any CPU
		{F80641D3-BAB6-4AA2-A1FA-B324B74E444C}.Release|x86.ActiveCfg = Release|Any CPU
		{F80641D3-BAB6-4AA2-A1FA-B324B74E444C}.Release|x86.Build.0 = Release|Any CPU
		{E1101DA4-C8F8-479B-B284-1C3F805F4B67}.Debug|Any CPU.ActiveCfg = Debug|Any CPU
		{E1101DA4-C8F8-479B-B284-1C3F805F4B67}.Debug|Any CPU.Build.0 = Debug|Any CPU
		{E1101DA4-C8F8-479B-B284-1C3F805F4B67}.Debug|x64.ActiveCfg = Debug|Any CPU
		{E1101DA4-C8F8-479B-B284-1C3F805F4B67}.Debug|x64.Build.0 = Debug|Any CPU
		{E1101DA4-C8F8-479B-B284-1C3F805F4B67}.Debug|x86.ActiveCfg = Debug|Any CPU
		{E1101DA4-C8F8-479B-B284-1C3F805F4B67}.Debug|x86.Build.0 = Debug|Any CPU
		{E1101DA4-C8F8-479B-B284-1C3F805F4B67}.Release|Any CPU.ActiveCfg = Release|Any CPU
		{E1101DA4-C8F8-479B-B284-1C3F805F4B67}.Release|Any CPU.Build.0 = Release|Any CPU
		{E1101DA4-C8F8-479B-B284-1C3F805F4B67}.Release|x64.ActiveCfg = Release|Any CPU
		{E1101DA4-C8F8-479B-B284-1C3F805F4B67}.Release|x64.Build.0 = Release|Any CPU
		{E1101DA4-C8F8-479B-B284-1C3F805F4B67}.Release|x86.ActiveCfg = Release|Any CPU
		{E1101DA4-C8F8-479B-B284-1C3F805F4B67}.Release|x86.Build.0 = Release|Any CPU
		{B090A5AF-8F09-41CE-935C-1236D251F211}.Debug|Any CPU.ActiveCfg = Debug|Any CPU
		{B090A5AF-8F09-41CE-935C-1236D251F211}.Debug|Any CPU.Build.0 = Debug|Any CPU
		{B090A5AF-8F09-41CE-935C-1236D251F211}.Debug|x64.ActiveCfg = Debug|Any CPU
		{B090A5AF-8F09-41CE-935C-1236D251F211}.Debug|x64.Build.0 = Debug|Any CPU
		{B090A5AF-8F09-41CE-935C-1236D251F211}.Debug|x86.ActiveCfg = Debug|Any CPU
		{B090A5AF-8F09-41CE-935C-1236D251F211}.Debug|x86.Build.0 = Debug|Any CPU
		{B090A5AF-8F09-41CE-935C-1236D251F211}.Release|Any CPU.ActiveCfg = Release|Any CPU
		{B090A5AF-8F09-41CE-935C-1236D251F211}.Release|Any CPU.Build.0 = Release|Any CPU
		{B090A5AF-8F09-41CE-935C-1236D251F211}.Release|x64.ActiveCfg = Release|Any CPU
		{B090A5AF-8F09-41CE-935C-1236D251F211}.Release|x64.Build.0 = Release|Any CPU
		{B090A5AF-8F09-41CE-935C-1236D251F211}.Release|x86.ActiveCfg = Release|Any CPU
		{B090A5AF-8F09-41CE-935C-1236D251F211}.Release|x86.Build.0 = Release|Any CPU
		{CD170119-645C-4ACA-AB26-CCA8A21D12B5}.Debug|Any CPU.ActiveCfg = Debug|Any CPU
		{CD170119-645C-4ACA-AB26-CCA8A21D12B5}.Debug|Any CPU.Build.0 = Debug|Any CPU
		{CD170119-645C-4ACA-AB26-CCA8A21D12B5}.Debug|x64.ActiveCfg = Debug|Any CPU
		{CD170119-645C-4ACA-AB26-CCA8A21D12B5}.Debug|x64.Build.0 = Debug|Any CPU
		{CD170119-645C-4ACA-AB26-CCA8A21D12B5}.Debug|x86.ActiveCfg = Debug|Any CPU
		{CD170119-645C-4ACA-AB26-CCA8A21D12B5}.Debug|x86.Build.0 = Debug|Any CPU
		{CD170119-645C-4ACA-AB26-CCA8A21D12B5}.Release|Any CPU.ActiveCfg = Release|Any CPU
		{CD170119-645C-4ACA-AB26-CCA8A21D12B5}.Release|Any CPU.Build.0 = Release|Any CPU
		{CD170119-645C-4ACA-AB26-CCA8A21D12B5}.Release|x64.ActiveCfg = Release|Any CPU
		{CD170119-645C-4ACA-AB26-CCA8A21D12B5}.Release|x64.Build.0 = Release|Any CPU
		{CD170119-645C-4ACA-AB26-CCA8A21D12B5}.Release|x86.ActiveCfg = Release|Any CPU
		{CD170119-645C-4ACA-AB26-CCA8A21D12B5}.Release|x86.Build.0 = Release|Any CPU
		{84FC33A3-9797-447E-8BB9-03FF61ED5175}.Debug|Any CPU.ActiveCfg = Debug|Any CPU
		{84FC33A3-9797-447E-8BB9-03FF61ED5175}.Debug|Any CPU.Build.0 = Debug|Any CPU
		{84FC33A3-9797-447E-8BB9-03FF61ED5175}.Debug|x64.ActiveCfg = Debug|Any CPU
		{84FC33A3-9797-447E-8BB9-03FF61ED5175}.Debug|x64.Build.0 = Debug|Any CPU
		{84FC33A3-9797-447E-8BB9-03FF61ED5175}.Debug|x86.ActiveCfg = Debug|Any CPU
		{84FC33A3-9797-447E-8BB9-03FF61ED5175}.Debug|x86.Build.0 = Debug|Any CPU
		{84FC33A3-9797-447E-8BB9-03FF61ED5175}.Release|Any CPU.ActiveCfg = Release|Any CPU
		{84FC33A3-9797-447E-8BB9-03FF61ED5175}.Release|Any CPU.Build.0 = Release|Any CPU
		{84FC33A3-9797-447E-8BB9-03FF61ED5175}.Release|x64.ActiveCfg = Release|Any CPU
		{84FC33A3-9797-447E-8BB9-03FF61ED5175}.Release|x64.Build.0 = Release|Any CPU
		{84FC33A3-9797-447E-8BB9-03FF61ED5175}.Release|x86.ActiveCfg = Release|Any CPU
		{84FC33A3-9797-447E-8BB9-03FF61ED5175}.Release|x86.Build.0 = Release|Any CPU
		{B2FA44D2-2DFE-4356-B4FE-7F5D7A9F8341}.Debug|Any CPU.ActiveCfg = Debug|Any CPU
		{B2FA44D2-2DFE-4356-B4FE-7F5D7A9F8341}.Debug|Any CPU.Build.0 = Debug|Any CPU
		{B2FA44D2-2DFE-4356-B4FE-7F5D7A9F8341}.Debug|x64.ActiveCfg = Debug|Any CPU
		{B2FA44D2-2DFE-4356-B4FE-7F5D7A9F8341}.Debug|x64.Build.0 = Debug|Any CPU
		{B2FA44D2-2DFE-4356-B4FE-7F5D7A9F8341}.Debug|x86.ActiveCfg = Debug|Any CPU
		{B2FA44D2-2DFE-4356-B4FE-7F5D7A9F8341}.Debug|x86.Build.0 = Debug|Any CPU
		{B2FA44D2-2DFE-4356-B4FE-7F5D7A9F8341}.Release|Any CPU.ActiveCfg = Release|Any CPU
		{B2FA44D2-2DFE-4356-B4FE-7F5D7A9F8341}.Release|Any CPU.Build.0 = Release|Any CPU
		{B2FA44D2-2DFE-4356-B4FE-7F5D7A9F8341}.Release|x64.ActiveCfg = Release|Any CPU
		{B2FA44D2-2DFE-4356-B4FE-7F5D7A9F8341}.Release|x64.Build.0 = Release|Any CPU
		{B2FA44D2-2DFE-4356-B4FE-7F5D7A9F8341}.Release|x86.ActiveCfg = Release|Any CPU
		{B2FA44D2-2DFE-4356-B4FE-7F5D7A9F8341}.Release|x86.Build.0 = Release|Any CPU
		{3A68B513-3CAD-4E81-A598-1A291D02CF95}.Debug|Any CPU.ActiveCfg = Debug|Any CPU
		{3A68B513-3CAD-4E81-A598-1A291D02CF95}.Debug|Any CPU.Build.0 = Debug|Any CPU
		{3A68B513-3CAD-4E81-A598-1A291D02CF95}.Debug|x64.ActiveCfg = Debug|Any CPU
		{3A68B513-3CAD-4E81-A598-1A291D02CF95}.Debug|x64.Build.0 = Debug|Any CPU
		{3A68B513-3CAD-4E81-A598-1A291D02CF95}.Debug|x86.ActiveCfg = Debug|Any CPU
		{3A68B513-3CAD-4E81-A598-1A291D02CF95}.Debug|x86.Build.0 = Debug|Any CPU
		{3A68B513-3CAD-4E81-A598-1A291D02CF95}.Release|Any CPU.ActiveCfg = Release|Any CPU
		{3A68B513-3CAD-4E81-A598-1A291D02CF95}.Release|Any CPU.Build.0 = Release|Any CPU
		{3A68B513-3CAD-4E81-A598-1A291D02CF95}.Release|x64.ActiveCfg = Release|Any CPU
		{3A68B513-3CAD-4E81-A598-1A291D02CF95}.Release|x64.Build.0 = Release|Any CPU
		{3A68B513-3CAD-4E81-A598-1A291D02CF95}.Release|x86.ActiveCfg = Release|Any CPU
		{3A68B513-3CAD-4E81-A598-1A291D02CF95}.Release|x86.Build.0 = Release|Any CPU
		{98177BEC-FC79-3C1B-409D-50D21355EBF2}.Debug|Any CPU.ActiveCfg = Debug|Any CPU
		{98177BEC-FC79-3C1B-409D-50D21355EBF2}.Debug|Any CPU.Build.0 = Debug|Any CPU
		{98177BEC-FC79-3C1B-409D-50D21355EBF2}.Debug|x64.ActiveCfg = Debug|Any CPU
		{98177BEC-FC79-3C1B-409D-50D21355EBF2}.Debug|x64.Build.0 = Debug|Any CPU
		{98177BEC-FC79-3C1B-409D-50D21355EBF2}.Debug|x86.ActiveCfg = Debug|Any CPU
		{98177BEC-FC79-3C1B-409D-50D21355EBF2}.Debug|x86.Build.0 = Debug|Any CPU
		{98177BEC-FC79-3C1B-409D-50D21355EBF2}.Release|Any CPU.ActiveCfg = Release|Any CPU
		{98177BEC-FC79-3C1B-409D-50D21355EBF2}.Release|Any CPU.Build.0 = Release|Any CPU
		{98177BEC-FC79-3C1B-409D-50D21355EBF2}.Release|x64.ActiveCfg = Release|Any CPU
		{98177BEC-FC79-3C1B-409D-50D21355EBF2}.Release|x64.Build.0 = Release|Any CPU
		{98177BEC-FC79-3C1B-409D-50D21355EBF2}.Release|x86.ActiveCfg = Release|Any CPU
		{98177BEC-FC79-3C1B-409D-50D21355EBF2}.Release|x86.Build.0 = Release|Any CPU
		{023C39C6-C79D-23D3-D81A-B87AD671CCEE}.Debug|Any CPU.ActiveCfg = Debug|Any CPU
		{023C39C6-C79D-23D3-D81A-B87AD671CCEE}.Debug|Any CPU.Build.0 = Debug|Any CPU
		{023C39C6-C79D-23D3-D81A-B87AD671CCEE}.Debug|x64.ActiveCfg = Debug|Any CPU
		{023C39C6-C79D-23D3-D81A-B87AD671CCEE}.Debug|x64.Build.0 = Debug|Any CPU
		{023C39C6-C79D-23D3-D81A-B87AD671CCEE}.Debug|x86.ActiveCfg = Debug|Any CPU
		{023C39C6-C79D-23D3-D81A-B87AD671CCEE}.Debug|x86.Build.0 = Debug|Any CPU
		{023C39C6-C79D-23D3-D81A-B87AD671CCEE}.Release|Any CPU.ActiveCfg = Release|Any CPU
		{023C39C6-C79D-23D3-D81A-B87AD671CCEE}.Release|Any CPU.Build.0 = Release|Any CPU
		{023C39C6-C79D-23D3-D81A-B87AD671CCEE}.Release|x64.ActiveCfg = Release|Any CPU
		{023C39C6-C79D-23D3-D81A-B87AD671CCEE}.Release|x64.Build.0 = Release|Any CPU
		{023C39C6-C79D-23D3-D81A-B87AD671CCEE}.Release|x86.ActiveCfg = Release|Any CPU
		{023C39C6-C79D-23D3-D81A-B87AD671CCEE}.Release|x86.Build.0 = Release|Any CPU
		{6681453C-68C0-5CAB-892A-DCA0BA0CB218}.Debug|Any CPU.ActiveCfg = Debug|Any CPU
		{6681453C-68C0-5CAB-892A-DCA0BA0CB218}.Debug|Any CPU.Build.0 = Debug|Any CPU
		{6681453C-68C0-5CAB-892A-DCA0BA0CB218}.Debug|x64.ActiveCfg = Debug|Any CPU
		{6681453C-68C0-5CAB-892A-DCA0BA0CB218}.Debug|x64.Build.0 = Debug|Any CPU
		{6681453C-68C0-5CAB-892A-DCA0BA0CB218}.Debug|x86.ActiveCfg = Debug|Any CPU
		{6681453C-68C0-5CAB-892A-DCA0BA0CB218}.Debug|x86.Build.0 = Debug|Any CPU
		{6681453C-68C0-5CAB-892A-DCA0BA0CB218}.Release|Any CPU.ActiveCfg = Release|Any CPU
		{6681453C-68C0-5CAB-892A-DCA0BA0CB218}.Release|Any CPU.Build.0 = Release|Any CPU
		{6681453C-68C0-5CAB-892A-DCA0BA0CB218}.Release|x64.ActiveCfg = Release|Any CPU
		{6681453C-68C0-5CAB-892A-DCA0BA0CB218}.Release|x64.Build.0 = Release|Any CPU
		{6681453C-68C0-5CAB-892A-DCA0BA0CB218}.Release|x86.ActiveCfg = Release|Any CPU
		{6681453C-68C0-5CAB-892A-DCA0BA0CB218}.Release|x86.Build.0 = Release|Any CPU
		{90BC85BB-518D-6B9C-2DDD-97FB09E234B3}.Debug|Any CPU.ActiveCfg = Debug|Any CPU
		{90BC85BB-518D-6B9C-2DDD-97FB09E234B3}.Debug|Any CPU.Build.0 = Debug|Any CPU
		{90BC85BB-518D-6B9C-2DDD-97FB09E234B3}.Debug|x64.ActiveCfg = Debug|Any CPU
		{90BC85BB-518D-6B9C-2DDD-97FB09E234B3}.Debug|x64.Build.0 = Debug|Any CPU
		{90BC85BB-518D-6B9C-2DDD-97FB09E234B3}.Debug|x86.ActiveCfg = Debug|Any CPU
		{90BC85BB-518D-6B9C-2DDD-97FB09E234B3}.Debug|x86.Build.0 = Debug|Any CPU
		{90BC85BB-518D-6B9C-2DDD-97FB09E234B3}.Release|Any CPU.ActiveCfg = Release|Any CPU
		{90BC85BB-518D-6B9C-2DDD-97FB09E234B3}.Release|Any CPU.Build.0 = Release|Any CPU
		{90BC85BB-518D-6B9C-2DDD-97FB09E234B3}.Release|x64.ActiveCfg = Release|Any CPU
		{90BC85BB-518D-6B9C-2DDD-97FB09E234B3}.Release|x64.Build.0 = Release|Any CPU
		{90BC85BB-518D-6B9C-2DDD-97FB09E234B3}.Release|x86.ActiveCfg = Release|Any CPU
		{90BC85BB-518D-6B9C-2DDD-97FB09E234B3}.Release|x86.Build.0 = Release|Any CPU
		{FC7FB82B-9F56-48CA-A76C-436F5D8D3892}.Debug|Any CPU.ActiveCfg = Debug|Any CPU
		{FC7FB82B-9F56-48CA-A76C-436F5D8D3892}.Debug|Any CPU.Build.0 = Debug|Any CPU
		{FC7FB82B-9F56-48CA-A76C-436F5D8D3892}.Debug|x64.ActiveCfg = Debug|Any CPU
		{FC7FB82B-9F56-48CA-A76C-436F5D8D3892}.Debug|x64.Build.0 = Debug|Any CPU
		{FC7FB82B-9F56-48CA-A76C-436F5D8D3892}.Debug|x86.ActiveCfg = Debug|Any CPU
		{FC7FB82B-9F56-48CA-A76C-436F5D8D3892}.Debug|x86.Build.0 = Debug|Any CPU
		{FC7FB82B-9F56-48CA-A76C-436F5D8D3892}.Release|Any CPU.ActiveCfg = Release|Any CPU
		{FC7FB82B-9F56-48CA-A76C-436F5D8D3892}.Release|Any CPU.Build.0 = Release|Any CPU
		{FC7FB82B-9F56-48CA-A76C-436F5D8D3892}.Release|x64.ActiveCfg = Release|Any CPU
		{FC7FB82B-9F56-48CA-A76C-436F5D8D3892}.Release|x64.Build.0 = Release|Any CPU
		{FC7FB82B-9F56-48CA-A76C-436F5D8D3892}.Release|x86.ActiveCfg = Release|Any CPU
		{FC7FB82B-9F56-48CA-A76C-436F5D8D3892}.Release|x86.Build.0 = Release|Any CPU
		{7153CFDD-537C-4DA4-A8AA-D37863A55BDE}.Debug|Any CPU.ActiveCfg = Debug|Any CPU
		{7153CFDD-537C-4DA4-A8AA-D37863A55BDE}.Debug|Any CPU.Build.0 = Debug|Any CPU
		{7153CFDD-537C-4DA4-A8AA-D37863A55BDE}.Debug|x64.ActiveCfg = Debug|Any CPU
		{7153CFDD-537C-4DA4-A8AA-D37863A55BDE}.Debug|x64.Build.0 = Debug|Any CPU
		{7153CFDD-537C-4DA4-A8AA-D37863A55BDE}.Debug|x86.ActiveCfg = Debug|Any CPU
		{7153CFDD-537C-4DA4-A8AA-D37863A55BDE}.Debug|x86.Build.0 = Debug|Any CPU
		{7153CFDD-537C-4DA4-A8AA-D37863A55BDE}.Release|Any CPU.ActiveCfg = Release|Any CPU
		{7153CFDD-537C-4DA4-A8AA-D37863A55BDE}.Release|Any CPU.Build.0 = Release|Any CPU
		{7153CFDD-537C-4DA4-A8AA-D37863A55BDE}.Release|x64.ActiveCfg = Release|Any CPU
		{7153CFDD-537C-4DA4-A8AA-D37863A55BDE}.Release|x64.Build.0 = Release|Any CPU
		{7153CFDD-537C-4DA4-A8AA-D37863A55BDE}.Release|x86.ActiveCfg = Release|Any CPU
		{7153CFDD-537C-4DA4-A8AA-D37863A55BDE}.Release|x86.Build.0 = Release|Any CPU
		{198BCE25-4654-414A-8C59-E07A632651B1}.Debug|Any CPU.ActiveCfg = Debug|Any CPU
		{198BCE25-4654-414A-8C59-E07A632651B1}.Debug|Any CPU.Build.0 = Debug|Any CPU
		{198BCE25-4654-414A-8C59-E07A632651B1}.Debug|x64.ActiveCfg = Debug|Any CPU
		{198BCE25-4654-414A-8C59-E07A632651B1}.Debug|x64.Build.0 = Debug|Any CPU
		{198BCE25-4654-414A-8C59-E07A632651B1}.Debug|x86.ActiveCfg = Debug|Any CPU
		{198BCE25-4654-414A-8C59-E07A632651B1}.Debug|x86.Build.0 = Debug|Any CPU
		{198BCE25-4654-414A-8C59-E07A632651B1}.Release|Any CPU.ActiveCfg = Release|Any CPU
		{198BCE25-4654-414A-8C59-E07A632651B1}.Release|Any CPU.Build.0 = Release|Any CPU
		{198BCE25-4654-414A-8C59-E07A632651B1}.Release|x64.ActiveCfg = Release|Any CPU
		{198BCE25-4654-414A-8C59-E07A632651B1}.Release|x64.Build.0 = Release|Any CPU
		{198BCE25-4654-414A-8C59-E07A632651B1}.Release|x86.ActiveCfg = Release|Any CPU
		{198BCE25-4654-414A-8C59-E07A632651B1}.Release|x86.Build.0 = Release|Any CPU
		{CC9173DA-DD4A-4968-BA26-AF736371E5F6}.Debug|Any CPU.ActiveCfg = Debug|Any CPU
		{CC9173DA-DD4A-4968-BA26-AF736371E5F6}.Debug|Any CPU.Build.0 = Debug|Any CPU
		{CC9173DA-DD4A-4968-BA26-AF736371E5F6}.Debug|x64.ActiveCfg = Debug|Any CPU
		{CC9173DA-DD4A-4968-BA26-AF736371E5F6}.Debug|x64.Build.0 = Debug|Any CPU
		{CC9173DA-DD4A-4968-BA26-AF736371E5F6}.Debug|x86.ActiveCfg = Debug|Any CPU
		{CC9173DA-DD4A-4968-BA26-AF736371E5F6}.Debug|x86.Build.0 = Debug|Any CPU
		{CC9173DA-DD4A-4968-BA26-AF736371E5F6}.Release|Any CPU.ActiveCfg = Release|Any CPU
		{CC9173DA-DD4A-4968-BA26-AF736371E5F6}.Release|Any CPU.Build.0 = Release|Any CPU
		{CC9173DA-DD4A-4968-BA26-AF736371E5F6}.Release|x64.ActiveCfg = Release|Any CPU
		{CC9173DA-DD4A-4968-BA26-AF736371E5F6}.Release|x64.Build.0 = Release|Any CPU
		{CC9173DA-DD4A-4968-BA26-AF736371E5F6}.Release|x86.ActiveCfg = Release|Any CPU
		{CC9173DA-DD4A-4968-BA26-AF736371E5F6}.Release|x86.Build.0 = Release|Any CPU
		{F91323E1-8601-405D-A0D4-E0B2E3D52D42}.Debug|Any CPU.ActiveCfg = Debug|Any CPU
		{F91323E1-8601-405D-A0D4-E0B2E3D52D42}.Debug|Any CPU.Build.0 = Debug|Any CPU
		{F91323E1-8601-405D-A0D4-E0B2E3D52D42}.Debug|x64.ActiveCfg = Debug|Any CPU
		{F91323E1-8601-405D-A0D4-E0B2E3D52D42}.Debug|x64.Build.0 = Debug|Any CPU
		{F91323E1-8601-405D-A0D4-E0B2E3D52D42}.Debug|x86.ActiveCfg = Debug|Any CPU
		{F91323E1-8601-405D-A0D4-E0B2E3D52D42}.Debug|x86.Build.0 = Debug|Any CPU
		{F91323E1-8601-405D-A0D4-E0B2E3D52D42}.Release|Any CPU.ActiveCfg = Release|Any CPU
		{F91323E1-8601-405D-A0D4-E0B2E3D52D42}.Release|Any CPU.Build.0 = Release|Any CPU
		{F91323E1-8601-405D-A0D4-E0B2E3D52D42}.Release|x64.ActiveCfg = Release|Any CPU
		{F91323E1-8601-405D-A0D4-E0B2E3D52D42}.Release|x64.Build.0 = Release|Any CPU
		{F91323E1-8601-405D-A0D4-E0B2E3D52D42}.Release|x86.ActiveCfg = Release|Any CPU
		{F91323E1-8601-405D-A0D4-E0B2E3D52D42}.Release|x86.Build.0 = Release|Any CPU
		{138CE42E-B6A9-4D8A-B145-54BD1C725147}.Debug|Any CPU.ActiveCfg = Debug|Any CPU
		{138CE42E-B6A9-4D8A-B145-54BD1C725147}.Debug|Any CPU.Build.0 = Debug|Any CPU
		{138CE42E-B6A9-4D8A-B145-54BD1C725147}.Debug|x64.ActiveCfg = Debug|Any CPU
		{138CE42E-B6A9-4D8A-B145-54BD1C725147}.Debug|x64.Build.0 = Debug|Any CPU
		{138CE42E-B6A9-4D8A-B145-54BD1C725147}.Debug|x86.ActiveCfg = Debug|Any CPU
		{138CE42E-B6A9-4D8A-B145-54BD1C725147}.Debug|x86.Build.0 = Debug|Any CPU
		{138CE42E-B6A9-4D8A-B145-54BD1C725147}.Release|Any CPU.ActiveCfg = Release|Any CPU
		{138CE42E-B6A9-4D8A-B145-54BD1C725147}.Release|Any CPU.Build.0 = Release|Any CPU
		{138CE42E-B6A9-4D8A-B145-54BD1C725147}.Release|x64.ActiveCfg = Release|Any CPU
		{138CE42E-B6A9-4D8A-B145-54BD1C725147}.Release|x64.Build.0 = Release|Any CPU
		{138CE42E-B6A9-4D8A-B145-54BD1C725147}.Release|x86.ActiveCfg = Release|Any CPU
		{138CE42E-B6A9-4D8A-B145-54BD1C725147}.Release|x86.Build.0 = Release|Any CPU
		{F285A103-CDAF-450C-9B46-7D416BC606CA}.Debug|Any CPU.ActiveCfg = Debug|Any CPU
		{F285A103-CDAF-450C-9B46-7D416BC606CA}.Debug|Any CPU.Build.0 = Debug|Any CPU
		{F285A103-CDAF-450C-9B46-7D416BC606CA}.Debug|x64.ActiveCfg = Debug|Any CPU
		{F285A103-CDAF-450C-9B46-7D416BC606CA}.Debug|x64.Build.0 = Debug|Any CPU
		{F285A103-CDAF-450C-9B46-7D416BC606CA}.Debug|x86.ActiveCfg = Debug|Any CPU
		{F285A103-CDAF-450C-9B46-7D416BC606CA}.Debug|x86.Build.0 = Debug|Any CPU
		{F285A103-CDAF-450C-9B46-7D416BC606CA}.Release|Any CPU.ActiveCfg = Release|Any CPU
		{F285A103-CDAF-450C-9B46-7D416BC606CA}.Release|Any CPU.Build.0 = Release|Any CPU
		{F285A103-CDAF-450C-9B46-7D416BC606CA}.Release|x64.ActiveCfg = Release|Any CPU
		{F285A103-CDAF-450C-9B46-7D416BC606CA}.Release|x64.Build.0 = Release|Any CPU
		{F285A103-CDAF-450C-9B46-7D416BC606CA}.Release|x86.ActiveCfg = Release|Any CPU
		{F285A103-CDAF-450C-9B46-7D416BC606CA}.Release|x86.Build.0 = Release|Any CPU
		{23C5FB7D-889D-4FF6-90A1-505978C75A83}.Debug|Any CPU.ActiveCfg = Debug|Any CPU
		{23C5FB7D-889D-4FF6-90A1-505978C75A83}.Debug|Any CPU.Build.0 = Debug|Any CPU
		{23C5FB7D-889D-4FF6-90A1-505978C75A83}.Debug|x64.ActiveCfg = Debug|Any CPU
		{23C5FB7D-889D-4FF6-90A1-505978C75A83}.Debug|x64.Build.0 = Debug|Any CPU
		{23C5FB7D-889D-4FF6-90A1-505978C75A83}.Debug|x86.ActiveCfg = Debug|Any CPU
		{23C5FB7D-889D-4FF6-90A1-505978C75A83}.Debug|x86.Build.0 = Debug|Any CPU
		{23C5FB7D-889D-4FF6-90A1-505978C75A83}.Release|Any CPU.ActiveCfg = Release|Any CPU
		{23C5FB7D-889D-4FF6-90A1-505978C75A83}.Release|Any CPU.Build.0 = Release|Any CPU
		{23C5FB7D-889D-4FF6-90A1-505978C75A83}.Release|x64.ActiveCfg = Release|Any CPU
		{23C5FB7D-889D-4FF6-90A1-505978C75A83}.Release|x64.Build.0 = Release|Any CPU
		{23C5FB7D-889D-4FF6-90A1-505978C75A83}.Release|x86.ActiveCfg = Release|Any CPU
		{23C5FB7D-889D-4FF6-90A1-505978C75A83}.Release|x86.Build.0 = Release|Any CPU
		{066A67D0-B564-4AE3-BBA7-E20E425CAAE3}.Debug|Any CPU.ActiveCfg = Debug|Any CPU
		{066A67D0-B564-4AE3-BBA7-E20E425CAAE3}.Debug|Any CPU.Build.0 = Debug|Any CPU
		{066A67D0-B564-4AE3-BBA7-E20E425CAAE3}.Debug|x64.ActiveCfg = Debug|Any CPU
		{066A67D0-B564-4AE3-BBA7-E20E425CAAE3}.Debug|x64.Build.0 = Debug|Any CPU
		{066A67D0-B564-4AE3-BBA7-E20E425CAAE3}.Debug|x86.ActiveCfg = Debug|Any CPU
		{066A67D0-B564-4AE3-BBA7-E20E425CAAE3}.Debug|x86.Build.0 = Debug|Any CPU
		{066A67D0-B564-4AE3-BBA7-E20E425CAAE3}.Release|Any CPU.ActiveCfg = Release|Any CPU
		{066A67D0-B564-4AE3-BBA7-E20E425CAAE3}.Release|Any CPU.Build.0 = Release|Any CPU
		{066A67D0-B564-4AE3-BBA7-E20E425CAAE3}.Release|x64.ActiveCfg = Release|Any CPU
		{066A67D0-B564-4AE3-BBA7-E20E425CAAE3}.Release|x64.Build.0 = Release|Any CPU
		{066A67D0-B564-4AE3-BBA7-E20E425CAAE3}.Release|x86.ActiveCfg = Release|Any CPU
		{066A67D0-B564-4AE3-BBA7-E20E425CAAE3}.Release|x86.Build.0 = Release|Any CPU
		{97FB2F77-4B7E-40EA-AF34-B4E11BD60314}.Debug|Any CPU.ActiveCfg = Debug|Any CPU
		{97FB2F77-4B7E-40EA-AF34-B4E11BD60314}.Debug|Any CPU.Build.0 = Debug|Any CPU
		{97FB2F77-4B7E-40EA-AF34-B4E11BD60314}.Debug|x64.ActiveCfg = Debug|Any CPU
		{97FB2F77-4B7E-40EA-AF34-B4E11BD60314}.Debug|x64.Build.0 = Debug|Any CPU
		{97FB2F77-4B7E-40EA-AF34-B4E11BD60314}.Debug|x86.ActiveCfg = Debug|Any CPU
		{97FB2F77-4B7E-40EA-AF34-B4E11BD60314}.Debug|x86.Build.0 = Debug|Any CPU
		{97FB2F77-4B7E-40EA-AF34-B4E11BD60314}.Release|Any CPU.ActiveCfg = Release|Any CPU
		{97FB2F77-4B7E-40EA-AF34-B4E11BD60314}.Release|Any CPU.Build.0 = Release|Any CPU
		{97FB2F77-4B7E-40EA-AF34-B4E11BD60314}.Release|x64.ActiveCfg = Release|Any CPU
		{97FB2F77-4B7E-40EA-AF34-B4E11BD60314}.Release|x64.Build.0 = Release|Any CPU
		{97FB2F77-4B7E-40EA-AF34-B4E11BD60314}.Release|x86.ActiveCfg = Release|Any CPU
		{97FB2F77-4B7E-40EA-AF34-B4E11BD60314}.Release|x86.Build.0 = Release|Any CPU
		{9628601D-127E-4DD3-9264-C89E44C42685}.Debug|Any CPU.ActiveCfg = Debug|Any CPU
		{9628601D-127E-4DD3-9264-C89E44C42685}.Debug|Any CPU.Build.0 = Debug|Any CPU
		{9628601D-127E-4DD3-9264-C89E44C42685}.Debug|x64.ActiveCfg = Debug|Any CPU
		{9628601D-127E-4DD3-9264-C89E44C42685}.Debug|x64.Build.0 = Debug|Any CPU
		{9628601D-127E-4DD3-9264-C89E44C42685}.Debug|x86.ActiveCfg = Debug|Any CPU
		{9628601D-127E-4DD3-9264-C89E44C42685}.Debug|x86.Build.0 = Debug|Any CPU
		{9628601D-127E-4DD3-9264-C89E44C42685}.Release|Any CPU.ActiveCfg = Release|Any CPU
		{9628601D-127E-4DD3-9264-C89E44C42685}.Release|Any CPU.Build.0 = Release|Any CPU
		{9628601D-127E-4DD3-9264-C89E44C42685}.Release|x64.ActiveCfg = Release|Any CPU
		{9628601D-127E-4DD3-9264-C89E44C42685}.Release|x64.Build.0 = Release|Any CPU
		{9628601D-127E-4DD3-9264-C89E44C42685}.Release|x86.ActiveCfg = Release|Any CPU
		{9628601D-127E-4DD3-9264-C89E44C42685}.Release|x86.Build.0 = Release|Any CPU
		{1CBA96A3-CDB1-450C-8966-D004C73B5779}.Debug|Any CPU.ActiveCfg = Debug|Any CPU
		{1CBA96A3-CDB1-450C-8966-D004C73B5779}.Debug|Any CPU.Build.0 = Debug|Any CPU
		{1CBA96A3-CDB1-450C-8966-D004C73B5779}.Debug|x64.ActiveCfg = Debug|Any CPU
		{1CBA96A3-CDB1-450C-8966-D004C73B5779}.Debug|x64.Build.0 = Debug|Any CPU
		{1CBA96A3-CDB1-450C-8966-D004C73B5779}.Debug|x86.ActiveCfg = Debug|Any CPU
		{1CBA96A3-CDB1-450C-8966-D004C73B5779}.Debug|x86.Build.0 = Debug|Any CPU
		{1CBA96A3-CDB1-450C-8966-D004C73B5779}.Release|Any CPU.ActiveCfg = Release|Any CPU
		{1CBA96A3-CDB1-450C-8966-D004C73B5779}.Release|Any CPU.Build.0 = Release|Any CPU
		{1CBA96A3-CDB1-450C-8966-D004C73B5779}.Release|x64.ActiveCfg = Release|Any CPU
		{1CBA96A3-CDB1-450C-8966-D004C73B5779}.Release|x64.Build.0 = Release|Any CPU
		{1CBA96A3-CDB1-450C-8966-D004C73B5779}.Release|x86.ActiveCfg = Release|Any CPU
		{1CBA96A3-CDB1-450C-8966-D004C73B5779}.Release|x86.Build.0 = Release|Any CPU
	EndGlobalSection
	GlobalSection(SolutionProperties) = preSolution
		HideSolutionNode = FALSE
	EndGlobalSection
	GlobalSection(NestedProjects) = preSolution
		{BF23EE77-9F54-403A-80F4-9619258DE816} = {A4895304-B54C-450F-A664-424E86806C3E}
		{E08CD21F-FF3E-49C8-AB17-8138D6A26668} = {BF23EE77-9F54-403A-80F4-9619258DE816}
		{52A71673-74A8-46DF-A647-A44CEE52FAE6} = {BF23EE77-9F54-403A-80F4-9619258DE816}
		{74208F59-5EB3-4D04-810B-2BC54D04780C} = {A4895304-B54C-450F-A664-424E86806C3E}
		{11872E0D-E647-4282-9B5C-E50E85E89019} = {2C48825B-BFB0-42D4-89AB-2C084B4B5008}
		{BB9AC0F5-CC02-4A80-A865-E64F2C69E749} = {2C48825B-BFB0-42D4-89AB-2C084B4B5008}
		{4EC34128-F8E9-4E9E-BB95-67B7DC5AE8C0} = {2C48825B-BFB0-42D4-89AB-2C084B4B5008}
		{D7E60AB4-81D6-425A-A4B2-52269F7FB463} = {2C48825B-BFB0-42D4-89AB-2C084B4B5008}
		{1A6B66D6-A340-480A-BCC3-884EB057EA12} = {2C48825B-BFB0-42D4-89AB-2C084B4B5008}
		{A5D1A70F-3837-4DA4-9155-C6E76FA7D27A} = {4B4F024B-7CF7-4ECA-A7BC-5288AFF42D4F}
		{076D9236-4D7A-44DF-9F8D-7C9FF0EB5D59} = {4B4F024B-7CF7-4ECA-A7BC-5288AFF42D4F}
		{BE67EF5B-D3A7-4114-A4E0-FD783C63D90F} = {4B4F024B-7CF7-4ECA-A7BC-5288AFF42D4F}
		{DB8B2D82-D591-40A6-AF2E-AC1DC043CBB1} = {4B4F024B-7CF7-4ECA-A7BC-5288AFF42D4F}
		{BE3CA46B-7D0B-4098-A53A-2D678DE99BB6} = {4B4F024B-7CF7-4ECA-A7BC-5288AFF42D4F}
		{F80641D3-BAB6-4AA2-A1FA-B324B74E444C} = {D683F10F-587B-4CFA-89C2-7B10C3D67C60}
		{D683F10F-587B-4CFA-89C2-7B10C3D67C60} = {4B4F024B-7CF7-4ECA-A7BC-5288AFF42D4F}
		{E1101DA4-C8F8-479B-B284-1C3F805F4B67} = {8844D797-648C-4FEC-8FE1-7E6EAB1DFCFF}
		{B090A5AF-8F09-41CE-935C-1236D251F211} = {8844D797-648C-4FEC-8FE1-7E6EAB1DFCFF}
		{CD170119-645C-4ACA-AB26-CCA8A21D12B5} = {8844D797-648C-4FEC-8FE1-7E6EAB1DFCFF}
		{84FC33A3-9797-447E-8BB9-03FF61ED5175} = {8844D797-648C-4FEC-8FE1-7E6EAB1DFCFF}
		{B2FA44D2-2DFE-4356-B4FE-7F5D7A9F8341} = {8844D797-648C-4FEC-8FE1-7E6EAB1DFCFF}
		{3A68B513-3CAD-4E81-A598-1A291D02CF95} = {D683F10F-587B-4CFA-89C2-7B10C3D67C60}
		{8844D797-648C-4FEC-8FE1-7E6EAB1DFCFF} = {2C48825B-BFB0-42D4-89AB-2C084B4B5008}
		{98177BEC-FC79-3C1B-409D-50D21355EBF2} = {74208F59-5EB3-4D04-810B-2BC54D04780C}
		{023C39C6-C79D-23D3-D81A-B87AD671CCEE} = {74208F59-5EB3-4D04-810B-2BC54D04780C}
		{6681453C-68C0-5CAB-892A-DCA0BA0CB218} = {74208F59-5EB3-4D04-810B-2BC54D04780C}
		{90BC85BB-518D-6B9C-2DDD-97FB09E234B3} = {4B4F024B-7CF7-4ECA-A7BC-5288AFF42D4F}
		{3F002C5C-8B4C-D18D-30A3-561ED944F40D} = {A4895304-B54C-450F-A664-424E86806C3E}
		{FC7FB82B-9F56-48CA-A76C-436F5D8D3892} = {3F002C5C-8B4C-D18D-30A3-561ED944F40D}
		{7153CFDD-537C-4DA4-A8AA-D37863A55BDE} = {3F002C5C-8B4C-D18D-30A3-561ED944F40D}
		{4922D958-470B-2CE6-AC1E-A52CE8B7242E} = {A4895304-B54C-450F-A664-424E86806C3E}
		{198BCE25-4654-414A-8C59-E07A632651B1} = {4922D958-470B-2CE6-AC1E-A52CE8B7242E}
		{07A492D0-EBA3-CA1F-A113-E86330B8BCC8} = {A4895304-B54C-450F-A664-424E86806C3E}
		{CC9173DA-DD4A-4968-BA26-AF736371E5F6} = {07A492D0-EBA3-CA1F-A113-E86330B8BCC8}
		{CC898937-F06F-1C29-5A93-42D1EB415447} = {A4895304-B54C-450F-A664-424E86806C3E}
		{F91323E1-8601-405D-A0D4-E0B2E3D52D42} = {CC898937-F06F-1C29-5A93-42D1EB415447}
		{138CE42E-B6A9-4D8A-B145-54BD1C725147} = {CC898937-F06F-1C29-5A93-42D1EB415447}
		{E3017B68-3417-DBFB-50F4-6B5381CB6AD8} = {A4895304-B54C-450F-A664-424E86806C3E}
		{F285A103-CDAF-450C-9B46-7D416BC606CA} = {CC898937-F06F-1C29-5A93-42D1EB415447}
		{23C5FB7D-889D-4FF6-90A1-505978C75A83} = {07C2787E-EAC7-C090-1BA3-A61EC2A24D84}
		{066A67D0-B564-4AE3-BBA7-E20E425CAAE3} = {CC898937-F06F-1C29-5A93-42D1EB415447}
		{97FB2F77-4B7E-40EA-AF34-B4E11BD60314} = {07C2787E-EAC7-C090-1BA3-A61EC2A24D84}
		{389EAF76-1707-D3EA-3A9F-2B39542128DA} = {A4895304-B54C-450F-A664-424E86806C3E}
		{9628601D-127E-4DD3-9264-C89E44C42685} = {389EAF76-1707-D3EA-3A9F-2B39542128DA}
		{1CBA96A3-CDB1-450C-8966-D004C73B5779} = {389EAF76-1707-D3EA-3A9F-2B39542128DA}
	EndGlobalSection
	GlobalSection(ExtensibilityGlobals) = postSolution
		SolutionGuid = {D03E7E8F-EA84-459E-B830-B223FCCF8D5C}
	EndGlobalSection
EndGlobal
